{
  "version": 4,
  "terraform_version": "1.5.4",
  "serial": 447,
  "lineage": "545a89a9-74cb-04d4-b1ca-84d83f40f3ab",
  "outputs": {
    "private_ip": {
      "value": "10.0.4.128",
      "type": "string"
    },
    "public_ip": {
      "value": "54.166.168.115",
      "type": "string"
    }
  },
  "resources": [
    {
      "mode": "managed",
      "type": "aws_eip",
      "name": "elastic-ip",
      "provider": "provider[\"registry.terraform.io/hashicorp/aws\"]",
      "instances": [
        {
          "schema_version": 0,
          "attributes": {
            "address": null,
            "allocation_id": "eipalloc-0a53547c66730c78e",
            "associate_with_private_ip": null,
            "association_id": "eipassoc-03d2221329f46550a",
            "carrier_ip": "",
            "customer_owned_ip": "",
            "customer_owned_ipv4_pool": "",
            "domain": "vpc",
            "id": "eipalloc-0a53547c66730c78e",
            "instance": "",
            "network_border_group": "us-east-1",
            "network_interface": "eni-0ae6c687285e0c12b",
            "private_dns": "ip-10-0-3-219.ec2.internal",
            "private_ip": "10.0.3.219",
            "public_dns": "ec2-3-231-34-170.compute-1.amazonaws.com",
            "public_ip": "3.231.34.170",
            "public_ipv4_pool": "amazon",
            "tags": {
              "Name": "elastic-ip"
            },
            "tags_all": {
              "Name": "elastic-ip"
            },
            "timeouts": null,
            "vpc": true
          },
          "sensitive_attributes": [],
          "private": "eyJlMmJmYjczMC1lY2FhLTExZTYtOGY4OC0zNDM2M2JjN2M0YzAiOnsiZGVsZXRlIjoxODAwMDAwMDAwMDAsInJlYWQiOjkwMDAwMDAwMDAwMCwidXBkYXRlIjozMDAwMDAwMDAwMDB9fQ=="
        }
      ]
    },
    {
      "mode": "managed",
      "type": "aws_instance",
      "name": "tf-private-ec2",
      "provider": "provider[\"registry.terraform.io/hashicorp/aws\"]",
      "instances": [
        {
          "schema_version": 1,
          "attributes": {
            "ami": "ami-053b0d53c279acc90",
            "arn": "arn:aws:ec2:us-east-1:899112647471:instance/i-04d004f089d945b7f",
            "associate_public_ip_address": false,
            "availability_zone": "us-east-1b",
            "capacity_reservation_specification": [
              {
                "capacity_reservation_preference": "open",
                "capacity_reservation_target": []
              }
            ],
            "cpu_core_count": 1,
            "cpu_options": [
              {
                "amd_sev_snp": "",
                "core_count": 1,
                "threads_per_core": 1
              }
            ],
            "cpu_threads_per_core": 1,
            "credit_specification": [
              {
                "cpu_credits": "standard"
              }
            ],
            "disable_api_stop": false,
            "disable_api_termination": false,
            "ebs_block_device": [],
            "ebs_optimized": false,
            "enclave_options": [
              {
                "enabled": false
              }
            ],
            "ephemeral_block_device": [],
            "get_password_data": false,
            "hibernation": false,
            "host_id": "",
            "host_resource_group_arn": null,
            "iam_instance_profile": "",
            "id": "i-04d004f089d945b7f",
            "instance_initiated_shutdown_behavior": "stop",
            "instance_lifecycle": "",
            "instance_market_options": [],
            "instance_state": "running",
            "instance_type": "t2.micro",
            "ipv6_address_count": 0,
            "ipv6_addresses": [],
            "key_name": "tfkey",
            "launch_template": [],
            "maintenance_options": [
              {
                "auto_recovery": "default"
              }
            ],
            "metadata_options": [
              {
                "http_endpoint": "enabled",
                "http_protocol_ipv6": "disabled",
                "http_put_response_hop_limit": 1,
                "http_tokens": "optional",
                "instance_metadata_tags": "disabled"
              }
            ],
            "monitoring": false,
            "network_interface": [],
            "outpost_arn": "",
            "password_data": "",
            "placement_group": "",
            "placement_partition_number": 0,
            "primary_network_interface_id": "eni-0df7cee5f9c1eb061",
            "private_dns": "ip-10-0-4-128.ec2.internal",
            "private_dns_name_options": [
              {
                "enable_resource_name_dns_a_record": false,
                "enable_resource_name_dns_aaaa_record": false,
                "hostname_type": "ip-name"
              }
            ],
            "private_ip": "10.0.4.128",
            "public_dns": "",
            "public_ip": "",
            "root_block_device": [
              {
                "delete_on_termination": true,
                "device_name": "/dev/sda1",
                "encrypted": false,
                "iops": 100,
                "kms_key_id": "",
                "tags": {},
                "throughput": 0,
                "volume_id": "vol-0d50ca7cd2a73a0c5",
                "volume_size": 8,
                "volume_type": "gp2"
              }
            ],
            "secondary_private_ips": [],
            "security_groups": [],
            "source_dest_check": true,
            "spot_instance_request_id": "",
            "subnet_id": "subnet-054770fee553e2aba",
            "tags": {
              "Name": "tf-private-ec2"
            },
            "tags_all": {
              "Name": "tf-private-ec2"
            },
            "tenancy": "default",
            "timeouts": null,
            "user_data": null,
            "user_data_base64": null,
            "user_data_replace_on_change": false,
            "volume_tags": null,
            "vpc_security_group_ids": [
              "sg-0881badcc354f5a99"
            ]
          },
          "sensitive_attributes": [],
          "private": "eyJlMmJmYjczMC1lY2FhLTExZTYtOGY4OC0zNDM2M2JjN2M0YzAiOnsiY3JlYXRlIjo2MDAwMDAwMDAwMDAsImRlbGV0ZSI6MTIwMDAwMDAwMDAwMCwidXBkYXRlIjo2MDAwMDAwMDAwMDB9LCJzY2hlbWFfdmVyc2lvbiI6IjEifQ==",
          "dependencies": [
            "aws_key_pair.tfkeypair",
            "aws_security_group.tf-private-sg",
            "aws_security_group.tf-public-sg",
            "aws_subnet.subnet-private-tf",
            "aws_vpc.tf-vpc",
            "tls_private_key.tfkey"
          ]
        }
      ]
    },
    {
      "mode": "managed",
      "type": "aws_instance",
      "name": "tf-public-ec2",
      "provider": "provider[\"registry.terraform.io/hashicorp/aws\"]",
      "instances": [
        {
          "schema_version": 1,
          "attributes": {
            "ami": "ami-053b0d53c279acc90",
            "arn": "arn:aws:ec2:us-east-1:899112647471:instance/i-0c6f6fcb06b3400d3",
            "associate_public_ip_address": true,
            "availability_zone": "us-east-1a",
            "capacity_reservation_specification": [
              {
                "capacity_reservation_preference": "open",
                "capacity_reservation_target": []
              }
            ],
            "cpu_core_count": 1,
            "cpu_options": [
              {
                "amd_sev_snp": "",
                "core_count": 1,
                "threads_per_core": 1
              }
            ],
            "cpu_threads_per_core": 1,
            "credit_specification": [
              {
                "cpu_credits": "standard"
              }
            ],
            "disable_api_stop": false,
            "disable_api_termination": false,
            "ebs_block_device": [],
            "ebs_optimized": false,
            "enclave_options": [
              {
                "enabled": false
              }
            ],
            "ephemeral_block_device": [],
            "get_password_data": false,
            "hibernation": false,
            "host_id": "",
            "host_resource_group_arn": null,
            "iam_instance_profile": "",
            "id": "i-0c6f6fcb06b3400d3",
            "instance_initiated_shutdown_behavior": "stop",
            "instance_lifecycle": "",
            "instance_market_options": [],
            "instance_state": "running",
            "instance_type": "t2.micro",
            "ipv6_address_count": 0,
            "ipv6_addresses": [],
            "key_name": "tfkey",
            "launch_template": [],
            "maintenance_options": [
              {
                "auto_recovery": "default"
              }
            ],
            "metadata_options": [
              {
                "http_endpoint": "enabled",
                "http_protocol_ipv6": "disabled",
                "http_put_response_hop_limit": 1,
                "http_tokens": "optional",
                "instance_metadata_tags": "disabled"
              }
            ],
            "monitoring": false,
            "network_interface": [],
            "outpost_arn": "",
            "password_data": "",
            "placement_group": "",
            "placement_partition_number": 0,
            "primary_network_interface_id": "eni-0c59ab0977442a8e6",
            "private_dns": "ip-10-0-3-5.ec2.internal",
            "private_dns_name_options": [
              {
                "enable_resource_name_dns_a_record": false,
                "enable_resource_name_dns_aaaa_record": false,
                "hostname_type": "ip-name"
              }
            ],
            "private_ip": "10.0.3.5",
            "public_dns": "ec2-54-166-168-115.compute-1.amazonaws.com",
            "public_ip": "54.166.168.115",
            "root_block_device": [
              {
                "delete_on_termination": true,
                "device_name": "/dev/sda1",
                "encrypted": false,
                "iops": 100,
                "kms_key_id": "",
                "tags": {},
                "throughput": 0,
                "volume_id": "vol-04019c6e781b8e1a9",
                "volume_size": 8,
                "volume_type": "gp2"
              }
            ],
            "secondary_private_ips": [],
            "security_groups": [],
            "source_dest_check": true,
            "spot_instance_request_id": "",
            "subnet_id": "subnet-0c6dcb966d9272193",
            "tags": {
              "Name": "tf-public-ec2"
            },
            "tags_all": {
              "Name": "tf-public-ec2"
            },
            "tenancy": "default",
            "timeouts": null,
            "user_data": null,
            "user_data_base64": null,
            "user_data_replace_on_change": false,
            "volume_tags": null,
            "vpc_security_group_ids": [
              "sg-0404b28d063aaec53"
            ]
          },
          "sensitive_attributes": [],
          "private": "eyJlMmJmYjczMC1lY2FhLTExZTYtOGY4OC0zNDM2M2JjN2M0YzAiOnsiY3JlYXRlIjo2MDAwMDAwMDAwMDAsImRlbGV0ZSI6MTIwMDAwMDAwMDAwMCwidXBkYXRlIjo2MDAwMDAwMDAwMDB9LCJzY2hlbWFfdmVyc2lvbiI6IjEifQ==",
          "dependencies": [
            "aws_key_pair.tfkeypair",
            "aws_security_group.tf-public-sg",
            "aws_subnet.subnet-public-tf",
            "aws_vpc.tf-vpc",
            "tls_private_key.tfkey"
          ]
        }
      ]
    },
    {
      "mode": "managed",
      "type": "aws_internet_gateway",
      "name": "tf-igw",
      "provider": "provider[\"registry.terraform.io/hashicorp/aws\"]",
      "instances": [
        {
          "schema_version": 0,
          "attributes": {
            "arn": "arn:aws:ec2:us-east-1:899112647471:internet-gateway/igw-08454dd4b41b7a47d",
            "id": "igw-08454dd4b41b7a47d",
            "owner_id": "899112647471",
            "tags": {
              "Name": "tf-igw"
            },
            "tags_all": {
              "Name": "tf-igw"
            },
            "timeouts": null,
            "vpc_id": "vpc-0fd84365e7423ad7e"
          },
          "sensitive_attributes": [],
          "private": "eyJlMmJmYjczMC1lY2FhLTExZTYtOGY4OC0zNDM2M2JjN2M0YzAiOnsiY3JlYXRlIjoxMjAwMDAwMDAwMDAwLCJkZWxldGUiOjEyMDAwMDAwMDAwMDAsInVwZGF0ZSI6MTIwMDAwMDAwMDAwMH19",
          "dependencies": [
            "aws_vpc.tf-vpc"
          ]
        }
      ]
    },
    {
      "mode": "managed",
      "type": "aws_key_pair",
      "name": "tfkeypair",
      "provider": "provider[\"registry.terraform.io/hashicorp/aws\"]",
      "instances": [
        {
          "schema_version": 1,
          "attributes": {
            "arn": "arn:aws:ec2:us-east-1:899112647471:key-pair/tfkey",
            "fingerprint": "0f:75:1d:4e:56:00:8b:25:e7:f6:0d:ba:1b:8c:ff:4c",
            "id": "tfkey",
            "key_name": "tfkey",
            "key_name_prefix": "",
            "key_pair_id": "key-0e3133b59c992d330",
            "key_type": "rsa",
            "public_key": "ssh-rsa AAAAB3NzaC1yc2EAAAADAQABAAACAQCjo4hAD6Xm1Np91AJz6xdAmJG9jt4KNvY2G5PYqJhEP8EQv7HujdhwX2R5VEXlvnBMNRuuuQGzH9M6aYih8eYxKGXBRxqHnOlrbtyF6AGkgdzJoDv/+o1AujQ0wTTDb2zb9/uGtdSlO/JD3rn/3j40KONypnruzaP6MnIrijOasruPKxohSW6NlCu/X3Yia+JwSZHrvoEORUs0S9Z93tbcRD4cZuj/Iz8khQaRCfqD8wCeUobXZsUdXCucsB5geg74LM5OOXnROFFYcfHARAWhKBuZ2hUEhlZsodkkwroJeZZsPekYf/vGIgn5WH7/+n4tEivaLfIY5bRoV0tiwypK3EkQ+jCxpKOQHr6vLW/BbgUU1BOZgbKHamuywhvSfwzIvVmJB3rFUfuOuEisNS6lzhHhnWgU7EPk41nHkYXOgXf+DpXvtWP12T5M62rzrnpivoDqUd8bdVMN/g/oqOQsOo91DUB3cngubnvp9UGjrnTki9HQ3tbsUYLhW/g2pp5vLbjoAMxE344mPHJHk/Q3XiACjxTSBCwOb8veN4yB2iW+QLkniUxYhWo2ZuQZRjCmS4PAWDRJMzQz8Ufl2cntUkxXWK4eGP/x+b2efQX5vYG8Sm4qyfb0gFSiQvqHxEWLqluvFjlQ+iv6UGyjBT90AscTFJp7hAcK7uYwxIfalw==",
            "tags": {},
            "tags_all": {}
          },
          "sensitive_attributes": [],
          "private": "eyJzY2hlbWFfdmVyc2lvbiI6IjEifQ==",
          "dependencies": [
            "tls_private_key.tfkey"
          ]
        }
      ]
    },
    {
      "mode": "managed",
      "type": "aws_nat_gateway",
      "name": "tf-NatGateway",
      "provider": "provider[\"registry.terraform.io/hashicorp/aws\"]",
      "instances": [
        {
          "schema_version": 0,
          "attributes": {
            "allocation_id": "eipalloc-0a53547c66730c78e",
            "association_id": "eipassoc-03d2221329f46550a",
            "connectivity_type": "public",
            "id": "nat-03a9db055623a5456",
            "network_interface_id": "eni-0ae6c687285e0c12b",
            "private_ip": "10.0.3.219",
            "public_ip": "3.231.34.170",
            "secondary_allocation_ids": [],
            "secondary_private_ip_address_count": 0,
            "secondary_private_ip_addresses": [],
            "subnet_id": "subnet-0c6dcb966d9272193",
            "tags": {
              "Name": "tf-NatGateway"
            },
            "tags_all": {
              "Name": "tf-NatGateway"
            },
            "timeouts": null
          },
          "sensitive_attributes": [],
          "private": "eyJlMmJmYjczMC1lY2FhLTExZTYtOGY4OC0zNDM2M2JjN2M0YzAiOnsiY3JlYXRlIjo2MDAwMDAwMDAwMDAsImRlbGV0ZSI6MTgwMDAwMDAwMDAwMCwidXBkYXRlIjo2MDAwMDAwMDAwMDB9fQ==",
          "dependencies": [
            "aws_eip.elastic-ip",
            "aws_subnet.subnet-public-tf",
            "aws_vpc.tf-vpc"
          ]
        }
      ]
    },
    {
      "mode": "managed",
      "type": "aws_route_table",
      "name": "tf-private-rt",
      "provider": "provider[\"registry.terraform.io/hashicorp/aws\"]",
      "instances": [
        {
          "schema_version": 0,
          "attributes": {
            "arn": "arn:aws:ec2:us-east-1:899112647471:route-table/rtb-0e8141783e9db8d37",
            "id": "rtb-0e8141783e9db8d37",
            "owner_id": "899112647471",
            "propagating_vgws": [],
            "route": [
              {
                "carrier_gateway_id": "",
                "cidr_block": "0.0.0.0/0",
                "core_network_arn": "",
                "destination_prefix_list_id": "",
                "egress_only_gateway_id": "",
                "gateway_id": "nat-03a9db055623a5456",
                "ipv6_cidr_block": "",
                "local_gateway_id": "",
                "nat_gateway_id": "",
                "network_interface_id": "",
                "transit_gateway_id": "",
                "vpc_endpoint_id": "",
                "vpc_peering_connection_id": ""
              }
            ],
            "tags": {
              "Name": "tf-private-rt"
            },
            "tags_all": {
              "Name": "tf-private-rt"
            },
            "timeouts": null,
            "vpc_id": "vpc-0fd84365e7423ad7e"
          },
          "sensitive_attributes": [],
          "private": "eyJlMmJmYjczMC1lY2FhLTExZTYtOGY4OC0zNDM2M2JjN2M0YzAiOnsiY3JlYXRlIjozMDAwMDAwMDAwMDAsImRlbGV0ZSI6MzAwMDAwMDAwMDAwLCJ1cGRhdGUiOjEyMDAwMDAwMDAwMH19",
          "dependencies": [
            "aws_nat_gateway.tf-NatGateway",
            "aws_vpc.tf-vpc"
          ]
        }
      ]
    },
    {
      "mode": "managed",
      "type": "aws_route_table",
      "name": "tf-public-rt",
      "provider": "provider[\"registry.terraform.io/hashicorp/aws\"]",
      "instances": [
        {
          "schema_version": 0,
          "attributes": {
            "arn": "arn:aws:ec2:us-east-1:899112647471:route-table/rtb-07713ff44291caef2",
            "id": "rtb-07713ff44291caef2",
            "owner_id": "899112647471",
            "propagating_vgws": [],
            "route": [
              {
                "carrier_gateway_id": "",
                "cidr_block": "0.0.0.0/0",
                "core_network_arn": "",
                "destination_prefix_list_id": "",
                "egress_only_gateway_id": "",
                "gateway_id": "igw-08454dd4b41b7a47d",
                "ipv6_cidr_block": "",
                "local_gateway_id": "",
                "nat_gateway_id": "",
                "network_interface_id": "",
                "transit_gateway_id": "",
                "vpc_endpoint_id": "",
                "vpc_peering_connection_id": ""
              },
              {
                "carrier_gateway_id": "",
                "cidr_block": "10.0.0.0/16",
                "core_network_arn": "",
                "destination_prefix_list_id": "",
                "egress_only_gateway_id": "",
                "gateway_id": "local",
                "ipv6_cidr_block": "",
                "local_gateway_id": "",
                "nat_gateway_id": "",
                "network_interface_id": "",
                "transit_gateway_id": "",
                "vpc_endpoint_id": "",
                "vpc_peering_connection_id": ""
              }
            ],
            "tags": {
              "Name": "tf-public-rt"
            },
            "tags_all": {
              "Name": "tf-public-rt"
            },
            "timeouts": null,
            "vpc_id": "vpc-0fd84365e7423ad7e"
          },
          "sensitive_attributes": [],
          "private": "eyJlMmJmYjczMC1lY2FhLTExZTYtOGY4OC0zNDM2M2JjN2M0YzAiOnsiY3JlYXRlIjozMDAwMDAwMDAwMDAsImRlbGV0ZSI6MzAwMDAwMDAwMDAwLCJ1cGRhdGUiOjEyMDAwMDAwMDAwMH19",
          "dependencies": [
            "aws_internet_gateway.tf-igw",
            "aws_vpc.tf-vpc"
          ]
        }
      ]
    },
    {
      "mode": "managed",
      "type": "aws_route_table_association",
      "name": "tf-rta-private-subnet",
      "provider": "provider[\"registry.terraform.io/hashicorp/aws\"]",
      "instances": [
        {
          "schema_version": 0,
          "attributes": {
            "gateway_id": "",
            "id": "rtbassoc-00183be2dd1ef6160",
            "route_table_id": "rtb-0e8141783e9db8d37",
            "subnet_id": "subnet-054770fee553e2aba",
            "timeouts": null
          },
          "sensitive_attributes": [],
          "private": "eyJlMmJmYjczMC1lY2FhLTExZTYtOGY4OC0zNDM2M2JjN2M0YzAiOnsiY3JlYXRlIjozMDAwMDAwMDAwMDAsImRlbGV0ZSI6MzAwMDAwMDAwMDAwLCJ1cGRhdGUiOjEyMDAwMDAwMDAwMH19",
          "dependencies": [
            "aws_eip.elastic-ip",
            "aws_nat_gateway.tf-NatGateway",
            "aws_route_table.tf-private-rt",
            "aws_subnet.subnet-private-tf",
            "aws_subnet.subnet-public-tf",
            "aws_vpc.tf-vpc"
          ]
        }
      ]
    },
    {
      "mode": "managed",
      "type": "aws_route_table_association",
      "name": "tf-rta-public-subnet",
      "provider": "provider[\"registry.terraform.io/hashicorp/aws\"]",
      "instances": [
        {
          "schema_version": 0,
          "attributes": {
            "gateway_id": "",
            "id": "rtbassoc-0735036a278246a68",
            "route_table_id": "rtb-07713ff44291caef2",
            "subnet_id": "subnet-0c6dcb966d9272193",
            "timeouts": null
          },
          "sensitive_attributes": [],
          "private": "eyJlMmJmYjczMC1lY2FhLTExZTYtOGY4OC0zNDM2M2JjN2M0YzAiOnsiY3JlYXRlIjozMDAwMDAwMDAwMDAsImRlbGV0ZSI6MzAwMDAwMDAwMDAwLCJ1cGRhdGUiOjEyMDAwMDAwMDAwMH19",
          "dependencies": [
            "aws_internet_gateway.tf-igw",
            "aws_route_table.tf-public-rt",
            "aws_subnet.subnet-public-tf",
            "aws_vpc.tf-vpc"
          ]
        }
      ]
    },
    {
      "mode": "managed",
      "type": "aws_security_group",
      "name": "tf-private-sg",
      "provider": "provider[\"registry.terraform.io/hashicorp/aws\"]",
      "instances": [
        {
          "schema_version": 1,
          "attributes": {
            "arn": "arn:aws:ec2:us-east-1:899112647471:security-group/sg-0881badcc354f5a99",
            "description": "Managed by Terraform",
            "egress": [
              {
                "cidr_blocks": [
                  "0.0.0.0/0"
                ],
                "description": "",
                "from_port": 0,
                "ipv6_cidr_blocks": [],
                "prefix_list_ids": [],
                "protocol": "-1",
                "security_groups": [],
                "self": false,
                "to_port": 0
              }
            ],
            "id": "sg-0881badcc354f5a99",
            "ingress": [
              {
                "cidr_blocks": [
                  "10.0.3.0/24"
                ],
                "description": "",
                "from_port": 0,
                "ipv6_cidr_blocks": [],
                "prefix_list_ids": [],
                "protocol": "tcp",
                "security_groups": [],
                "self": false,
                "to_port": 65535
              },
              {
                "cidr_blocks": [],
                "description": "",
                "from_port": 0,
                "ipv6_cidr_blocks": [],
                "prefix_list_ids": [],
                "protocol": "tcp",
                "security_groups": [
                  "sg-0404b28d063aaec53"
                ],
                "self": false,
                "to_port": 65535
              }
            ],
            "name": "terraform-20230816094431755800000002",
            "name_prefix": "terraform-",
            "owner_id": "899112647471",
            "revoke_rules_on_delete": false,
            "tags": {
              "Name": "tf-private-sg"
            },
            "tags_all": {
              "Name": "tf-private-sg"
            },
            "timeouts": null,
            "vpc_id": "vpc-0fd84365e7423ad7e"
          },
          "sensitive_attributes": [],
          "private": "eyJlMmJmYjczMC1lY2FhLTExZTYtOGY4OC0zNDM2M2JjN2M0YzAiOnsiY3JlYXRlIjo2MDAwMDAwMDAwMDAsImRlbGV0ZSI6OTAwMDAwMDAwMDAwfSwic2NoZW1hX3ZlcnNpb24iOiIxIn0=",
          "dependencies": [
            "aws_security_group.tf-public-sg",
            "aws_vpc.tf-vpc"
          ]
        }
      ]
    },
    {
      "mode": "managed",
      "type": "aws_security_group",
      "name": "tf-public-sg",
      "provider": "provider[\"registry.terraform.io/hashicorp/aws\"]",
      "instances": [
        {
          "schema_version": 1,
          "attributes": {
            "arn": "arn:aws:ec2:us-east-1:899112647471:security-group/sg-0404b28d063aaec53",
            "description": "Managed by Terraform",
            "egress": [
              {
                "cidr_blocks": [
                  "0.0.0.0/0"
                ],
                "description": "",
                "from_port": 0,
                "ipv6_cidr_blocks": [],
                "prefix_list_ids": [],
                "protocol": "-1",
                "security_groups": [],
                "self": false,
                "to_port": 0
              }
            ],
            "id": "sg-0404b28d063aaec53",
            "ingress": [
              {
                "cidr_blocks": [
                  "0.0.0.0/0"
                ],
                "description": "",
                "from_port": 22,
                "ipv6_cidr_blocks": [],
                "prefix_list_ids": [],
                "protocol": "tcp",
                "security_groups": [],
                "self": false,
                "to_port": 22
              },
              {
                "cidr_blocks": [
                  "0.0.0.0/0"
                ],
                "description": "",
                "from_port": 443,
                "ipv6_cidr_blocks": [],
                "prefix_list_ids": [],
                "protocol": "tcp",
                "security_groups": [],
                "self": false,
                "to_port": 443
              },
              {
                "cidr_blocks": [
                  "0.0.0.0/0"
                ],
                "description": "",
                "from_port": 80,
                "ipv6_cidr_blocks": [],
                "prefix_list_ids": [],
                "protocol": "tcp",
                "security_groups": [],
                "self": false,
                "to_port": 80
              }
            ],
            "name": "terraform-20230816094426893600000001",
            "name_prefix": "terraform-",
            "owner_id": "899112647471",
            "revoke_rules_on_delete": false,
            "tags": {
              "Name": "tf-public-sg"
            },
            "tags_all": {
              "Name": "tf-public-sg"
            },
            "timeouts": null,
            "vpc_id": "vpc-0fd84365e7423ad7e"
          },
          "sensitive_attributes": [],
          "private": "eyJlMmJmYjczMC1lY2FhLTExZTYtOGY4OC0zNDM2M2JjN2M0YzAiOnsiY3JlYXRlIjo2MDAwMDAwMDAwMDAsImRlbGV0ZSI6OTAwMDAwMDAwMDAwfSwic2NoZW1hX3ZlcnNpb24iOiIxIn0=",
          "dependencies": [
            "aws_vpc.tf-vpc"
          ]
        }
      ]
    },
    {
      "mode": "managed",
      "type": "aws_subnet",
      "name": "subnet-private-tf",
      "provider": "provider[\"registry.terraform.io/hashicorp/aws\"]",
      "instances": [
        {
          "schema_version": 1,
          "attributes": {
            "arn": "arn:aws:ec2:us-east-1:899112647471:subnet/subnet-054770fee553e2aba",
            "assign_ipv6_address_on_creation": false,
            "availability_zone": "us-east-1b",
            "availability_zone_id": "use1-az1",
            "cidr_block": "10.0.4.0/24",
            "customer_owned_ipv4_pool": "",
            "enable_dns64": false,
            "enable_lni_at_device_index": 0,
            "enable_resource_name_dns_a_record_on_launch": false,
            "enable_resource_name_dns_aaaa_record_on_launch": false,
            "id": "subnet-054770fee553e2aba",
            "ipv6_cidr_block": "",
            "ipv6_cidr_block_association_id": "",
            "ipv6_native": false,
            "map_customer_owned_ip_on_launch": false,
            "map_public_ip_on_launch": false,
            "outpost_arn": "",
            "owner_id": "899112647471",
            "private_dns_hostname_type_on_launch": "ip-name",
            "tags": {
              "Name": "subnet-private-tf"
            },
            "tags_all": {
              "Name": "subnet-private-tf"
            },
            "timeouts": null,
            "vpc_id": "vpc-0fd84365e7423ad7e"
          },
          "sensitive_attributes": [],
          "private": "eyJlMmJmYjczMC1lY2FhLTExZTYtOGY4OC0zNDM2M2JjN2M0YzAiOnsiY3JlYXRlIjo2MDAwMDAwMDAwMDAsImRlbGV0ZSI6MTIwMDAwMDAwMDAwMH0sInNjaGVtYV92ZXJzaW9uIjoiMSJ9",
          "dependencies": [
            "aws_vpc.tf-vpc"
          ]
        }
      ]
    },
    {
      "mode": "managed",
      "type": "aws_subnet",
      "name": "subnet-public-tf",
      "provider": "provider[\"registry.terraform.io/hashicorp/aws\"]",
      "instances": [
        {
          "schema_version": 1,
          "attributes": {
            "arn": "arn:aws:ec2:us-east-1:899112647471:subnet/subnet-0c6dcb966d9272193",
            "assign_ipv6_address_on_creation": false,
            "availability_zone": "us-east-1a",
            "availability_zone_id": "use1-az6",
            "cidr_block": "10.0.3.0/24",
            "customer_owned_ipv4_pool": "",
            "enable_dns64": false,
            "enable_lni_at_device_index": 0,
            "enable_resource_name_dns_a_record_on_launch": false,
            "enable_resource_name_dns_aaaa_record_on_launch": false,
            "id": "subnet-0c6dcb966d9272193",
            "ipv6_cidr_block": "",
            "ipv6_cidr_block_association_id": "",
            "ipv6_native": false,
            "map_customer_owned_ip_on_launch": false,
            "map_public_ip_on_launch": true,
            "outpost_arn": "",
            "owner_id": "899112647471",
            "private_dns_hostname_type_on_launch": "ip-name",
            "tags": {
              "Name": "subnet-public-tf"
            },
            "tags_all": {
              "Name": "subnet-public-tf"
            },
            "timeouts": null,
            "vpc_id": "vpc-0fd84365e7423ad7e"
          },
          "sensitive_attributes": [],
          "private": "eyJlMmJmYjczMC1lY2FhLTExZTYtOGY4OC0zNDM2M2JjN2M0YzAiOnsiY3JlYXRlIjo2MDAwMDAwMDAwMDAsImRlbGV0ZSI6MTIwMDAwMDAwMDAwMH0sInNjaGVtYV92ZXJzaW9uIjoiMSJ9",
          "dependencies": [
            "aws_vpc.tf-vpc"
          ]
        }
      ]
    },
    {
      "mode": "managed",
      "type": "aws_vpc",
      "name": "tf-vpc",
      "provider": "provider[\"registry.terraform.io/hashicorp/aws\"]",
      "instances": [
        {
          "schema_version": 1,
          "attributes": {
            "arn": "arn:aws:ec2:us-east-1:899112647471:vpc/vpc-0fd84365e7423ad7e",
            "assign_generated_ipv6_cidr_block": false,
            "cidr_block": "10.0.0.0/16",
            "default_network_acl_id": "acl-07ba4c2aac0f89bd8",
            "default_route_table_id": "rtb-04f39a67952446cad",
            "default_security_group_id": "sg-0f01a0c669e843873",
            "dhcp_options_id": "dopt-076cb468558c503f4",
            "enable_dns_hostnames": true,
            "enable_dns_support": true,
            "enable_network_address_usage_metrics": false,
            "id": "vpc-0fd84365e7423ad7e",
            "instance_tenancy": "default",
            "ipv4_ipam_pool_id": null,
            "ipv4_netmask_length": null,
            "ipv6_association_id": "",
            "ipv6_cidr_block": "",
            "ipv6_cidr_block_network_border_group": "",
            "ipv6_ipam_pool_id": "",
            "ipv6_netmask_length": 0,
            "main_route_table_id": "rtb-04f39a67952446cad",
            "owner_id": "899112647471",
            "tags": {
              "Name": "tf-vpc"
            },
            "tags_all": {
              "Name": "tf-vpc"
            }
          },
          "sensitive_attributes": [],
          "private": "eyJzY2hlbWFfdmVyc2lvbiI6IjEifQ=="
        }
      ]
    },
    {
      "mode": "managed",
      "type": "local_file",
      "name": "tfkey",
      "provider": "provider[\"registry.terraform.io/hashicorp/local\"]",
      "instances": [
        {
          "schema_version": 0,
          "attributes": {
            "content": "-----BEGIN RSA PRIVATE KEY-----\nMIIJKAIBAAKCAgEAo6OIQA+l5tTafdQCc+sXQJiRvY7eCjb2NhuT2KiYRD/BEL+x\n7o3YcF9keVRF5b5wTDUbrrkBsx/TOmmIofHmMShlwUcah5zpa27chegBpIHcyaA7\n//qNQLo0NME0w29s2/f7hrXUpTvyQ965/94+NCjjcqZ67s2j+jJyK4ozmrK7jysa\nIUlujZQrv192ImvicEmR676BDkVLNEvWfd7W3EQ+HGbo/yM/JIUGkQn6g/MAnlKG\n12bFHVwrnLAeYHoO+CzOTjl50ThRWHHxwEQFoSgbmdoVBIZWbKHZJMK6CXmWbD3p\nGH/7xiIJ+Vh+//p+LRIr2i3yGOW0aFdLYsMqStxJEPowsaSjkB6+ry1vwW4FFNQT\nmYGyh2prssIb0n8MyL1ZiQd6xVH7jrhIrDUupc4R4Z1oFOxD5ONZx5GFzoF3/g6V\n77Vj9dk+TOtq8656Yr6A6lHfG3VTDf4P6KjkLDqPdQ1Ad3J4Lm576fVBo6505IvR\n0N7W7FGC4Vv4Nqaeby246ADMRN+OJjxyR5P0N14gAo8U0gQsDm/L3jeMgdolvkC5\nJ4lMWIVqNmbkGUYwpkuDwFg0STM0M/FH5dnJ7VJMV1iuHhj/8fm9nn0F+b2BvEpu\nKsn29IBUokL6h8RFi6pbrxY5UPor+lBsowU/dALHExSae4QHCu7mMMSH2pcCAwEA\nAQKCAgA6q2IpXbLknQItRPsQJoSys0DljriLPwNtiNusPV5Ccf09jQ01c4PbXkg+\nu/lHkszeddgT/97dIxbvhXDoZztZ+pro/h5D6v1BeID2PaWBHtJTM/DvKRzFzTz0\ngSTywRttjm6O8Nhp2aFVtiBH3Z29w78wlwHSZsZY6QdIFwfDejuG7DQ1JQfPGQXK\nWmaXlsib67S2qhnJTQzWli4z+NZeKNWAB2GYQEHeTRd6nvJDprddDEeuKPmZOjek\nuPxbKMf/MMlTAIZtfdykck3z2i+OhTvIIImSkrufvTOGW46p4P8Ole/hydkyQ3gB\n/zmhe2ULsc0pL3nydUEGe+3aXhDmLWoEkJ/QLCDNkzETTjwVx5++IKZ57jCqnNmm\n/m5pomYe8rsngoCdpjjrQ9Df8tDkDqTLDYaHbbblYnAYIFzBNN6PfnHW+ezS8RpX\nRsvGsiafsleu4a7+IDmfNbYFlYFHNb/aeTyYOqqgVK5mxPWYoyAB9G3bhzvbJilj\nYRCvK6n7RF6ckd9MpREa5ODzJ1T6eTZq2l+SQRqnx2uS4MnSwCsRSeJirtHrRomr\nmlIPGyzyznLKWneuNWTzn2mU9xyoEYsgCcVa7ZhQ6TsQLNjEZqtki6LMq8QYNWbz\nCmi67Ck/1G9jqOHQ9Y28caoty7BEgAvthfWvZL/wqiXT3k0IaQKCAQEAy36u0zp3\naSoOt0FksimCiOjcbgkt3jsIWzMhjwoUq10FByd1MhyaKX6Nbr2owX/uzp0gQ4aH\n6yZv3ZFPY/X5DsCruabgWokaWrSibdUPIqHIzRSI+GJ9ZfS5yjTucwt+EH6pxJlj\nHPd4YAK/rVHAluUypCBH5r1G1ehswTLOFEs+8iT63n+1l66s70XyxKQLZ55Vvg/q\nxc5YbTBRfxfvHA4MmtTIkhhiQgvQPEfQIgdM1Kx3Lfzt1L+k+kfIrIndQa31cY0b\nKqBWc7Sg3PrNPE6wjfgR8D1qGOnpQZLgQHzi6Dl+G0bC+sr7eTBT87lrovGW0Lml\nWYLN4ZDkTObyKwKCAQEAzdxDKOhs+15hUYovajr4HP71goZKVg0en0LPaLkInL7n\nn43++/IZbwnGLIGdGL5ch+KO+BeOz24nxfoJG/qFu8I+ztAJjOikGthpNMjVG90d\nEJnJyPzXxL2L6n8sPtCDHirlZe1CjwTjsT9lGWaG94XgrvcZoc66aXURnlVGRTKR\nyy+ul2OeaPEoJ9ZyEhvpFlfLP57i8ZFxFmkwkQ0m5Jj1TnldapMV0i5ciQ1Wq5jF\n3X+EjQA7UKZLQmF6gbkuOyPJFGeBY9oHeeuPExLigw3FjNt1/FoGPftAQ1rZXxv+\nxyHJhLAYy8L8NfBowqSc6djjq7++ngLKVmwlNhA/RQKCAQEAho6K/WMwqFpGBsj3\n05L9HJiVgTESolr4iI2DyDiLOFC2zWc66FrfWUa0MKC6YNC+UOK2/c+MOmJdH+5A\nx8FS4X1nT8hXm6YCxi2hJez3KBhAVdMZStydPHiZDWr4rRvRTQjkKvqd/f5pG1tV\n8T4Yke6WEM7DnIBVwYYBu7JjcCndQnJPbCaYJec7tK/U+k/atraMzbNqs0dhUzna\n+aYS1sM3dH307h2vgyqak/GMX6PiGtK7r64KeV4Lse8bc3Np2U8099OtPf9tiu7K\nW7R/VzxVJFr/SZLif/zT3ydGn3208Idrqo+cyAbGR/k72fImiUUkS3omKs0CY//R\n5kPjpwKCAQAmh3UicO4E1hNM2ZoqPcM2WhnFRjEfjfEPScfcB9Wu0KQ1XrQ8n4FX\nIPMwXUnz2Z0j6alskawu8qULDtMpo2foTmDHAHTpJJmiVKLMOFJ6lpXcB4yWy4vu\nzLMlPowfbZM80DaDLzbn4bhj8kOPz3qvVSVKWgE4IaMOHdUgV0GBrgdPiisZNpHt\nfkVPv3k2HncvsVrfG3PKVrhdw25Nl7KR0ncHKvvq+IB7CCZVmGOCVmOiIz3BzitL\n2vP3BpuRMAGRHA+EfCLhd2syzH3Iyh4O/ULeLC0XABpu+1l5wcUxYeH7jz1SUksx\nx9rAlbBlzb14nxlticO5ezg3mKIWTlApAoIBADMrRKbw8skXCWfz6tvXwpTaKb4M\nPkEkT4ljCOwxNEonXj4BunFhUc/Wu5pHvGq6k/fnrIoR5aTTajrx9LVAG3hFLsJv\nawL3erl7WGdpv+ih8TMZtmDrxGtezoMVM7pqqyQBhv3rJEHXKF5IRT1mkqN4y2VB\n8e10Ep7+ht3JkPwx2Qs7FBxWfZp9g6zYkFCYhW74rmxTm6IzzIyKvlVnP53r9SHG\nvfpLlt0IugTjTN5jpy/MMfkgEFLzz3dv9b9XZdLNaWRokl+BNgqdH/R8ozBjgabt\noMLJoSJil116VzrAE+0XH6d1g5HYFFylbdOiUPXcchg78Y+wFFlEr/AUkB4=\n-----END RSA PRIVATE KEY-----\n",
            "content_base64": null,
            "content_base64sha256": "SnisajG7D9jDsjZXBVuO+LaKaqNNTBc3VYtKBuF1/cA=",
            "content_base64sha512": "e56bDr9MVOmYX6OPv1O6RLUJrbs3+T9UyFKncF86In2/lGHWYAQEFvRjdx1Bp1ugn/3FVswMrD00snI4FTnfiw==",
            "content_md5": "551a1af6e093155e4d36d75ccd8518a5",
            "content_sha1": "7d78124f1d78ecf642246c13b66c10257a5611ed",
            "content_sha256": "4a78ac6a31bb0fd8c3b23657055b8ef8b68a6aa34d4c1737558b4a06e175fdc0",
            "content_sha512": "7b9e9b0ebf4c54e9985fa38fbf53ba44b509adbb37f93f54c852a7705f3a227dbf9461d660040416f463771d41a75ba09ffdc556cc0cac3d34b272381539df8b",
            "directory_permission": "0777",
            "file_permission": "0777",
            "filename": "tfkey.pem",
            "id": "7d78124f1d78ecf642246c13b66c10257a5611ed",
            "sensitive_content": null,
            "source": null
          },
          "sensitive_attributes": [
            [
              {
                "type": "get_attr",
                "value": "content"
              }
            ]
          ],
          "dependencies": [
            "tls_private_key.tfkey"
          ]
        }
      ]
    },
    {
      "mode": "managed",
      "type": "null_resource",
      "name": "runtime",
      "provider": "provider[\"registry.terraform.io/hashicorp/null\"]",
      "instances": [
        {
          "schema_version": 0,
          "attributes": {
            "id": "3972908932185690118",
            "triggers": {
              "always_run": "2023-08-16T09:47:09Z"
            }
          },
          "sensitive_attributes": [],
          "dependencies": [
            "aws_instance.tf-private-ec2",
            "aws_instance.tf-public-ec2",
            "tls_private_key.tfkey"
          ]
        }
      ]
    },
    {
      "mode": "managed",
      "type": "tls_private_key",
      "name": "tfkey",
      "provider": "provider[\"registry.terraform.io/hashicorp/tls\"]",
      "instances": [
        {
          "schema_version": 1,
          "attributes": {
            "algorithm": "RSA",
            "ecdsa_curve": "P224",
            "id": "7fcd594ad527108204944e45ed8c77320f3577ec",
            "private_key_openssh": "-----BEGIN OPENSSH PRIVATE KEY-----\nb3BlbnNzaC1rZXktdjEAAAAABG5vbmUAAAAEbm9uZQAAAAAAAAABAAACFwAAAAdz\nc2gtcnNhAAAAAwEAAQAAAgEAo6OIQA+l5tTafdQCc+sXQJiRvY7eCjb2NhuT2KiY\nRD/BEL+x7o3YcF9keVRF5b5wTDUbrrkBsx/TOmmIofHmMShlwUcah5zpa27chegB\npIHcyaA7//qNQLo0NME0w29s2/f7hrXUpTvyQ965/94+NCjjcqZ67s2j+jJyK4oz\nmrK7jysaIUlujZQrv192ImvicEmR676BDkVLNEvWfd7W3EQ+HGbo/yM/JIUGkQn6\ng/MAnlKG12bFHVwrnLAeYHoO+CzOTjl50ThRWHHxwEQFoSgbmdoVBIZWbKHZJMK6\nCXmWbD3pGH/7xiIJ+Vh+//p+LRIr2i3yGOW0aFdLYsMqStxJEPowsaSjkB6+ry1v\nwW4FFNQTmYGyh2prssIb0n8MyL1ZiQd6xVH7jrhIrDUupc4R4Z1oFOxD5ONZx5GF\nzoF3/g6V77Vj9dk+TOtq8656Yr6A6lHfG3VTDf4P6KjkLDqPdQ1Ad3J4Lm576fVB\no6505IvR0N7W7FGC4Vv4Nqaeby246ADMRN+OJjxyR5P0N14gAo8U0gQsDm/L3jeM\ngdolvkC5J4lMWIVqNmbkGUYwpkuDwFg0STM0M/FH5dnJ7VJMV1iuHhj/8fm9nn0F\n+b2BvEpuKsn29IBUokL6h8RFi6pbrxY5UPor+lBsowU/dALHExSae4QHCu7mMMSH\n2pcAAAc4xZbIIcWWyCEAAAAHc3NoLXJzYQAAAgEAo6OIQA+l5tTafdQCc+sXQJiR\nvY7eCjb2NhuT2KiYRD/BEL+x7o3YcF9keVRF5b5wTDUbrrkBsx/TOmmIofHmMShl\nwUcah5zpa27chegBpIHcyaA7//qNQLo0NME0w29s2/f7hrXUpTvyQ965/94+NCjj\ncqZ67s2j+jJyK4ozmrK7jysaIUlujZQrv192ImvicEmR676BDkVLNEvWfd7W3EQ+\nHGbo/yM/JIUGkQn6g/MAnlKG12bFHVwrnLAeYHoO+CzOTjl50ThRWHHxwEQFoSgb\nmdoVBIZWbKHZJMK6CXmWbD3pGH/7xiIJ+Vh+//p+LRIr2i3yGOW0aFdLYsMqStxJ\nEPowsaSjkB6+ry1vwW4FFNQTmYGyh2prssIb0n8MyL1ZiQd6xVH7jrhIrDUupc4R\n4Z1oFOxD5ONZx5GFzoF3/g6V77Vj9dk+TOtq8656Yr6A6lHfG3VTDf4P6KjkLDqP\ndQ1Ad3J4Lm576fVBo6505IvR0N7W7FGC4Vv4Nqaeby246ADMRN+OJjxyR5P0N14g\nAo8U0gQsDm/L3jeMgdolvkC5J4lMWIVqNmbkGUYwpkuDwFg0STM0M/FH5dnJ7VJM\nV1iuHhj/8fm9nn0F+b2BvEpuKsn29IBUokL6h8RFi6pbrxY5UPor+lBsowU/dALH\nExSae4QHCu7mMMSH2pcAAAADAQABAAACADqrYildsuSdAi1E+xAmhLKzQOWOuIs/\nA22I26w9XkJx/T2NDTVzg9teSD67+UeSzN512BP/3t0jFu+FcOhnO1n6muj+HkPq\n/UF4gPY9pYEe0lMz8O8pHMXNPPSBJPLBG22Obo7w2GnZoVW2IEfdnb3DvzCXAdJm\nxljpB0gXB8N6O4bsNDUlB88ZBcpaZpeWyJvrtLaqGclNDNaWLjP41l4o1YAHYZhA\nQd5NF3qe8kOmt10MR64o+Zk6N6S4/Fsox/8wyVMAhm193KRyTfPaL46FO8ggiZKS\nu5+9M4Zbjqng/w6V7+HJ2TJDeAH/OaF7ZQuxzSkvefJ1QQZ77dpeEOYtagSQn9As\nIM2TMRNOPBXHn74gpnnuMKqc2ab+bmmiZh7yuyeCgJ2mOOtD0N/y0OQOpMsNhodt\ntuVicBggXME03o9+cdb57NLxGldGy8ayJp+yV67hrv4gOZ81tgWVgUc1v9p5PJg6\nqqBUrmbE9ZijIAH0bduHO9smKWNhEK8rqftEXpyR30ylERrk4PMnVPp5NmraX5JB\nGqfHa5LgydLAKxFJ4mKu0etGiauaUg8bLPLOcspad641ZPOfaZT3HKgRiyAJxVrt\nmFDpOxAs2MRmq2SLosyrxBg1ZvMKaLrsKT/Ub2Oo4dD1jbxxqi3LsESAC+2F9a9k\nv/CqJdPeTQhpAAABADMrRKbw8skXCWfz6tvXwpTaKb4MPkEkT4ljCOwxNEonXj4B\nunFhUc/Wu5pHvGq6k/fnrIoR5aTTajrx9LVAG3hFLsJvawL3erl7WGdpv+ih8TMZ\ntmDrxGtezoMVM7pqqyQBhv3rJEHXKF5IRT1mkqN4y2VB8e10Ep7+ht3JkPwx2Qs7\nFBxWfZp9g6zYkFCYhW74rmxTm6IzzIyKvlVnP53r9SHGvfpLlt0IugTjTN5jpy/M\nMfkgEFLzz3dv9b9XZdLNaWRokl+BNgqdH/R8ozBjgabtoMLJoSJil116VzrAE+0X\nH6d1g5HYFFylbdOiUPXcchg78Y+wFFlEr/AUkB4AAAEBAMt+rtM6d2kqDrdBZLIp\ngojo3G4JLd47CFszIY8KFKtdBQcndTIcmil+jW69qMF/7s6dIEOGh+smb92RT2P1\n+Q7Aq7mm4FqJGlq0om3VDyKhyM0UiPhifWX0uco07nMLfhB+qcSZYxz3eGACv61R\nwJblMqQgR+a9RtXobMEyzhRLPvIk+t5/tZeurO9F8sSkC2eeVb4P6sXOWG0wUX8X\n7xwODJrUyJIYYkIL0DxH0CIHTNSsdy387dS/pPpHyKyJ3UGt9XGNGyqgVnO0oNz6\nzTxOsI34EfA9ahjp6UGS4EB84ug5fhtGwvrK+3kwU/O5a6LxltC5pVmCzeGQ5Ezm\n8isAAAEBAM3cQyjobPteYVGKL2o6+Bz+9YKGSlYNHp9Cz2i5CJy+55+N/vvyGW8J\nxiyBnRi+XIfijvgXjs9uJ8X6CRv6hbvCPs7QCYzopBrYaTTI1RvdHRCZycj818S9\ni+p/LD7Qgx4q5WXtQo8E47E/ZRlmhveF4K73GaHOuml1EZ5VRkUykcsvrpdjnmjx\nKCfWchIb6RZXyz+e4vGRcRZpMJENJuSY9U55XWqTFdIuXIkNVquYxd1/hI0AO1Cm\nS0JheoG5LjsjyRRngWPaB3nrjxMS4oMNxYzbdfxaBj37QENa2V8b/schyYSwGMvC\n/DXwaMKknOnY46u/vp4CylZsJTYQP0UAAAAAAQID\n-----END OPENSSH PRIVATE KEY-----\n",
            "private_key_pem": "-----BEGIN RSA PRIVATE KEY-----\nMIIJKAIBAAKCAgEAo6OIQA+l5tTafdQCc+sXQJiRvY7eCjb2NhuT2KiYRD/BEL+x\n7o3YcF9keVRF5b5wTDUbrrkBsx/TOmmIofHmMShlwUcah5zpa27chegBpIHcyaA7\n//qNQLo0NME0w29s2/f7hrXUpTvyQ965/94+NCjjcqZ67s2j+jJyK4ozmrK7jysa\nIUlujZQrv192ImvicEmR676BDkVLNEvWfd7W3EQ+HGbo/yM/JIUGkQn6g/MAnlKG\n12bFHVwrnLAeYHoO+CzOTjl50ThRWHHxwEQFoSgbmdoVBIZWbKHZJMK6CXmWbD3p\nGH/7xiIJ+Vh+//p+LRIr2i3yGOW0aFdLYsMqStxJEPowsaSjkB6+ry1vwW4FFNQT\nmYGyh2prssIb0n8MyL1ZiQd6xVH7jrhIrDUupc4R4Z1oFOxD5ONZx5GFzoF3/g6V\n77Vj9dk+TOtq8656Yr6A6lHfG3VTDf4P6KjkLDqPdQ1Ad3J4Lm576fVBo6505IvR\n0N7W7FGC4Vv4Nqaeby246ADMRN+OJjxyR5P0N14gAo8U0gQsDm/L3jeMgdolvkC5\nJ4lMWIVqNmbkGUYwpkuDwFg0STM0M/FH5dnJ7VJMV1iuHhj/8fm9nn0F+b2BvEpu\nKsn29IBUokL6h8RFi6pbrxY5UPor+lBsowU/dALHExSae4QHCu7mMMSH2pcCAwEA\nAQKCAgA6q2IpXbLknQItRPsQJoSys0DljriLPwNtiNusPV5Ccf09jQ01c4PbXkg+\nu/lHkszeddgT/97dIxbvhXDoZztZ+pro/h5D6v1BeID2PaWBHtJTM/DvKRzFzTz0\ngSTywRttjm6O8Nhp2aFVtiBH3Z29w78wlwHSZsZY6QdIFwfDejuG7DQ1JQfPGQXK\nWmaXlsib67S2qhnJTQzWli4z+NZeKNWAB2GYQEHeTRd6nvJDprddDEeuKPmZOjek\nuPxbKMf/MMlTAIZtfdykck3z2i+OhTvIIImSkrufvTOGW46p4P8Ole/hydkyQ3gB\n/zmhe2ULsc0pL3nydUEGe+3aXhDmLWoEkJ/QLCDNkzETTjwVx5++IKZ57jCqnNmm\n/m5pomYe8rsngoCdpjjrQ9Df8tDkDqTLDYaHbbblYnAYIFzBNN6PfnHW+ezS8RpX\nRsvGsiafsleu4a7+IDmfNbYFlYFHNb/aeTyYOqqgVK5mxPWYoyAB9G3bhzvbJilj\nYRCvK6n7RF6ckd9MpREa5ODzJ1T6eTZq2l+SQRqnx2uS4MnSwCsRSeJirtHrRomr\nmlIPGyzyznLKWneuNWTzn2mU9xyoEYsgCcVa7ZhQ6TsQLNjEZqtki6LMq8QYNWbz\nCmi67Ck/1G9jqOHQ9Y28caoty7BEgAvthfWvZL/wqiXT3k0IaQKCAQEAy36u0zp3\naSoOt0FksimCiOjcbgkt3jsIWzMhjwoUq10FByd1MhyaKX6Nbr2owX/uzp0gQ4aH\n6yZv3ZFPY/X5DsCruabgWokaWrSibdUPIqHIzRSI+GJ9ZfS5yjTucwt+EH6pxJlj\nHPd4YAK/rVHAluUypCBH5r1G1ehswTLOFEs+8iT63n+1l66s70XyxKQLZ55Vvg/q\nxc5YbTBRfxfvHA4MmtTIkhhiQgvQPEfQIgdM1Kx3Lfzt1L+k+kfIrIndQa31cY0b\nKqBWc7Sg3PrNPE6wjfgR8D1qGOnpQZLgQHzi6Dl+G0bC+sr7eTBT87lrovGW0Lml\nWYLN4ZDkTObyKwKCAQEAzdxDKOhs+15hUYovajr4HP71goZKVg0en0LPaLkInL7n\nn43++/IZbwnGLIGdGL5ch+KO+BeOz24nxfoJG/qFu8I+ztAJjOikGthpNMjVG90d\nEJnJyPzXxL2L6n8sPtCDHirlZe1CjwTjsT9lGWaG94XgrvcZoc66aXURnlVGRTKR\nyy+ul2OeaPEoJ9ZyEhvpFlfLP57i8ZFxFmkwkQ0m5Jj1TnldapMV0i5ciQ1Wq5jF\n3X+EjQA7UKZLQmF6gbkuOyPJFGeBY9oHeeuPExLigw3FjNt1/FoGPftAQ1rZXxv+\nxyHJhLAYy8L8NfBowqSc6djjq7++ngLKVmwlNhA/RQKCAQEAho6K/WMwqFpGBsj3\n05L9HJiVgTESolr4iI2DyDiLOFC2zWc66FrfWUa0MKC6YNC+UOK2/c+MOmJdH+5A\nx8FS4X1nT8hXm6YCxi2hJez3KBhAVdMZStydPHiZDWr4rRvRTQjkKvqd/f5pG1tV\n8T4Yke6WEM7DnIBVwYYBu7JjcCndQnJPbCaYJec7tK/U+k/atraMzbNqs0dhUzna\n+aYS1sM3dH307h2vgyqak/GMX6PiGtK7r64KeV4Lse8bc3Np2U8099OtPf9tiu7K\nW7R/VzxVJFr/SZLif/zT3ydGn3208Idrqo+cyAbGR/k72fImiUUkS3omKs0CY//R\n5kPjpwKCAQAmh3UicO4E1hNM2ZoqPcM2WhnFRjEfjfEPScfcB9Wu0KQ1XrQ8n4FX\nIPMwXUnz2Z0j6alskawu8qULDtMpo2foTmDHAHTpJJmiVKLMOFJ6lpXcB4yWy4vu\nzLMlPowfbZM80DaDLzbn4bhj8kOPz3qvVSVKWgE4IaMOHdUgV0GBrgdPiisZNpHt\nfkVPv3k2HncvsVrfG3PKVrhdw25Nl7KR0ncHKvvq+IB7CCZVmGOCVmOiIz3BzitL\n2vP3BpuRMAGRHA+EfCLhd2syzH3Iyh4O/ULeLC0XABpu+1l5wcUxYeH7jz1SUksx\nx9rAlbBlzb14nxlticO5ezg3mKIWTlApAoIBADMrRKbw8skXCWfz6tvXwpTaKb4M\nPkEkT4ljCOwxNEonXj4BunFhUc/Wu5pHvGq6k/fnrIoR5aTTajrx9LVAG3hFLsJv\nawL3erl7WGdpv+ih8TMZtmDrxGtezoMVM7pqqyQBhv3rJEHXKF5IRT1mkqN4y2VB\n8e10Ep7+ht3JkPwx2Qs7FBxWfZp9g6zYkFCYhW74rmxTm6IzzIyKvlVnP53r9SHG\nvfpLlt0IugTjTN5jpy/MMfkgEFLzz3dv9b9XZdLNaWRokl+BNgqdH/R8ozBjgabt\noMLJoSJil116VzrAE+0XH6d1g5HYFFylbdOiUPXcchg78Y+wFFlEr/AUkB4=\n-----END RSA PRIVATE KEY-----\n",
            "private_key_pem_pkcs8": "-----BEGIN PRIVATE KEY-----\nMIIJQgIBADANBgkqhkiG9w0BAQEFAASCCSwwggkoAgEAAoICAQCjo4hAD6Xm1Np9\n1AJz6xdAmJG9jt4KNvY2G5PYqJhEP8EQv7HujdhwX2R5VEXlvnBMNRuuuQGzH9M6\naYih8eYxKGXBRxqHnOlrbtyF6AGkgdzJoDv/+o1AujQ0wTTDb2zb9/uGtdSlO/JD\n3rn/3j40KONypnruzaP6MnIrijOasruPKxohSW6NlCu/X3Yia+JwSZHrvoEORUs0\nS9Z93tbcRD4cZuj/Iz8khQaRCfqD8wCeUobXZsUdXCucsB5geg74LM5OOXnROFFY\ncfHARAWhKBuZ2hUEhlZsodkkwroJeZZsPekYf/vGIgn5WH7/+n4tEivaLfIY5bRo\nV0tiwypK3EkQ+jCxpKOQHr6vLW/BbgUU1BOZgbKHamuywhvSfwzIvVmJB3rFUfuO\nuEisNS6lzhHhnWgU7EPk41nHkYXOgXf+DpXvtWP12T5M62rzrnpivoDqUd8bdVMN\n/g/oqOQsOo91DUB3cngubnvp9UGjrnTki9HQ3tbsUYLhW/g2pp5vLbjoAMxE344m\nPHJHk/Q3XiACjxTSBCwOb8veN4yB2iW+QLkniUxYhWo2ZuQZRjCmS4PAWDRJMzQz\n8Ufl2cntUkxXWK4eGP/x+b2efQX5vYG8Sm4qyfb0gFSiQvqHxEWLqluvFjlQ+iv6\nUGyjBT90AscTFJp7hAcK7uYwxIfalwIDAQABAoICADqrYildsuSdAi1E+xAmhLKz\nQOWOuIs/A22I26w9XkJx/T2NDTVzg9teSD67+UeSzN512BP/3t0jFu+FcOhnO1n6\nmuj+HkPq/UF4gPY9pYEe0lMz8O8pHMXNPPSBJPLBG22Obo7w2GnZoVW2IEfdnb3D\nvzCXAdJmxljpB0gXB8N6O4bsNDUlB88ZBcpaZpeWyJvrtLaqGclNDNaWLjP41l4o\n1YAHYZhAQd5NF3qe8kOmt10MR64o+Zk6N6S4/Fsox/8wyVMAhm193KRyTfPaL46F\nO8ggiZKSu5+9M4Zbjqng/w6V7+HJ2TJDeAH/OaF7ZQuxzSkvefJ1QQZ77dpeEOYt\nagSQn9AsIM2TMRNOPBXHn74gpnnuMKqc2ab+bmmiZh7yuyeCgJ2mOOtD0N/y0OQO\npMsNhodttuVicBggXME03o9+cdb57NLxGldGy8ayJp+yV67hrv4gOZ81tgWVgUc1\nv9p5PJg6qqBUrmbE9ZijIAH0bduHO9smKWNhEK8rqftEXpyR30ylERrk4PMnVPp5\nNmraX5JBGqfHa5LgydLAKxFJ4mKu0etGiauaUg8bLPLOcspad641ZPOfaZT3HKgR\niyAJxVrtmFDpOxAs2MRmq2SLosyrxBg1ZvMKaLrsKT/Ub2Oo4dD1jbxxqi3LsESA\nC+2F9a9kv/CqJdPeTQhpAoIBAQDLfq7TOndpKg63QWSyKYKI6NxuCS3eOwhbMyGP\nChSrXQUHJ3UyHJopfo1uvajBf+7OnSBDhofrJm/dkU9j9fkOwKu5puBaiRpatKJt\n1Q8iocjNFIj4Yn1l9LnKNO5zC34QfqnEmWMc93hgAr+tUcCW5TKkIEfmvUbV6GzB\nMs4USz7yJPref7WXrqzvRfLEpAtnnlW+D+rFzlhtMFF/F+8cDgya1MiSGGJCC9A8\nR9AiB0zUrHct/O3Uv6T6R8isid1BrfVxjRsqoFZztKDc+s08TrCN+BHwPWoY6elB\nkuBAfOLoOX4bRsL6yvt5MFPzuWui8ZbQuaVZgs3hkORM5vIrAoIBAQDN3EMo6Gz7\nXmFRii9qOvgc/vWChkpWDR6fQs9ouQicvuefjf778hlvCcYsgZ0YvlyH4o74F47P\nbifF+gkb+oW7wj7O0AmM6KQa2Gk0yNUb3R0QmcnI/NfEvYvqfyw+0IMeKuVl7UKP\nBOOxP2UZZob3heCu9xmhzrppdRGeVUZFMpHLL66XY55o8Sgn1nISG+kWV8s/nuLx\nkXEWaTCRDSbkmPVOeV1qkxXSLlyJDVarmMXdf4SNADtQpktCYXqBuS47I8kUZ4Fj\n2gd5648TEuKDDcWM23X8WgY9+0BDWtlfG/7HIcmEsBjLwvw18GjCpJzp2OOrv76e\nAspWbCU2ED9FAoIBAQCGjor9YzCoWkYGyPfTkv0cmJWBMRKiWviIjYPIOIs4ULbN\nZzroWt9ZRrQwoLpg0L5Q4rb9z4w6Yl0f7kDHwVLhfWdPyFebpgLGLaEl7PcoGEBV\n0xlK3J08eJkNavitG9FNCOQq+p39/mkbW1XxPhiR7pYQzsOcgFXBhgG7smNwKd1C\nck9sJpgl5zu0r9T6T9q2tozNs2qzR2FTOdr5phLWwzd0ffTuHa+DKpqT8Yxfo+Ia\n0ruvrgp5Xgux7xtzc2nZTzT30609/22K7spbtH9XPFUkWv9JkuJ//NPfJ0affbTw\nh2uqj5zIBsZH+TvZ8iaJRSRLeiYqzQJj/9HmQ+OnAoIBACaHdSJw7gTWE0zZmio9\nwzZaGcVGMR+N8Q9Jx9wH1a7QpDVetDyfgVcg8zBdSfPZnSPpqWyRrC7ypQsO0ymj\nZ+hOYMcAdOkkmaJUosw4UnqWldwHjJbLi+7MsyU+jB9tkzzQNoMvNufhuGPyQ4/P\neq9VJUpaATghow4d1SBXQYGuB0+KKxk2ke1+RU+/eTYedy+xWt8bc8pWuF3Dbk2X\nspHSdwcq++r4gHsIJlWYY4JWY6IjPcHOK0va8/cGm5EwAZEcD4R8IuF3azLMfcjK\nHg79Qt4sLRcAGm77WXnBxTFh4fuPPVJSSzHH2sCVsGXNvXifGW2Jw7l7ODeYohZO\nUCkCggEAMytEpvDyyRcJZ/Pq29fClNopvgw+QSRPiWMI7DE0SidePgG6cWFRz9a7\nmke8arqT9+esihHlpNNqOvH0tUAbeEUuwm9rAvd6uXtYZ2m/6KHxMxm2YOvEa17O\ngxUzumqrJAGG/eskQdcoXkhFPWaSo3jLZUHx7XQSnv6G3cmQ/DHZCzsUHFZ9mn2D\nrNiQUJiFbviubFObojPMjIq+VWc/nev1Ica9+kuW3Qi6BONM3mOnL8wx+SAQUvPP\nd2/1v1dl0s1pZGiSX4E2Cp0f9HyjMGOBpu2gwsmhImKXXXpXOsAT7Rcfp3WDkdgU\nXKVt06JQ9dxyGDvxj7AUWUSv8BSQHg==\n-----END PRIVATE KEY-----\n",
            "public_key_fingerprint_md5": "36:c8:b9:38:f4:27:b2:91:b1:e9:d5:58:60:c5:9e:a8",
            "public_key_fingerprint_sha256": "SHA256:UChrlhaldUykzsYKnlU84TQtri3MTuO7LDW1425c1ZI",
            "public_key_openssh": "ssh-rsa AAAAB3NzaC1yc2EAAAADAQABAAACAQCjo4hAD6Xm1Np91AJz6xdAmJG9jt4KNvY2G5PYqJhEP8EQv7HujdhwX2R5VEXlvnBMNRuuuQGzH9M6aYih8eYxKGXBRxqHnOlrbtyF6AGkgdzJoDv/+o1AujQ0wTTDb2zb9/uGtdSlO/JD3rn/3j40KONypnruzaP6MnIrijOasruPKxohSW6NlCu/X3Yia+JwSZHrvoEORUs0S9Z93tbcRD4cZuj/Iz8khQaRCfqD8wCeUobXZsUdXCucsB5geg74LM5OOXnROFFYcfHARAWhKBuZ2hUEhlZsodkkwroJeZZsPekYf/vGIgn5WH7/+n4tEivaLfIY5bRoV0tiwypK3EkQ+jCxpKOQHr6vLW/BbgUU1BOZgbKHamuywhvSfwzIvVmJB3rFUfuOuEisNS6lzhHhnWgU7EPk41nHkYXOgXf+DpXvtWP12T5M62rzrnpivoDqUd8bdVMN/g/oqOQsOo91DUB3cngubnvp9UGjrnTki9HQ3tbsUYLhW/g2pp5vLbjoAMxE344mPHJHk/Q3XiACjxTSBCwOb8veN4yB2iW+QLkniUxYhWo2ZuQZRjCmS4PAWDRJMzQz8Ufl2cntUkxXWK4eGP/x+b2efQX5vYG8Sm4qyfb0gFSiQvqHxEWLqluvFjlQ+iv6UGyjBT90AscTFJp7hAcK7uYwxIfalw==\n",
            "public_key_pem": "-----BEGIN PUBLIC KEY-----\nMIICIjANBgkqhkiG9w0BAQEFAAOCAg8AMIICCgKCAgEAo6OIQA+l5tTafdQCc+sX\nQJiRvY7eCjb2NhuT2KiYRD/BEL+x7o3YcF9keVRF5b5wTDUbrrkBsx/TOmmIofHm\nMShlwUcah5zpa27chegBpIHcyaA7//qNQLo0NME0w29s2/f7hrXUpTvyQ965/94+\nNCjjcqZ67s2j+jJyK4ozmrK7jysaIUlujZQrv192ImvicEmR676BDkVLNEvWfd7W\n3EQ+HGbo/yM/JIUGkQn6g/MAnlKG12bFHVwrnLAeYHoO+CzOTjl50ThRWHHxwEQF\noSgbmdoVBIZWbKHZJMK6CXmWbD3pGH/7xiIJ+Vh+//p+LRIr2i3yGOW0aFdLYsMq\nStxJEPowsaSjkB6+ry1vwW4FFNQTmYGyh2prssIb0n8MyL1ZiQd6xVH7jrhIrDUu\npc4R4Z1oFOxD5ONZx5GFzoF3/g6V77Vj9dk+TOtq8656Yr6A6lHfG3VTDf4P6Kjk\nLDqPdQ1Ad3J4Lm576fVBo6505IvR0N7W7FGC4Vv4Nqaeby246ADMRN+OJjxyR5P0\nN14gAo8U0gQsDm/L3jeMgdolvkC5J4lMWIVqNmbkGUYwpkuDwFg0STM0M/FH5dnJ\n7VJMV1iuHhj/8fm9nn0F+b2BvEpuKsn29IBUokL6h8RFi6pbrxY5UPor+lBsowU/\ndALHExSae4QHCu7mMMSH2pcCAwEAAQ==\n-----END PUBLIC KEY-----\n",
            "rsa_bits": 4096
          },
          "sensitive_attributes": []
        }
      ]
    }
  ],
  "check_results": null
}
