{
  "version": 4,
  "terraform_version": "1.5.4",
  "serial": 26,
  "lineage": "3dc525e0-d903-d97f-52ec-9bc656e47be5",
  "outputs": {
    "private_ip": {
      "value": "10.0.4.37",
      "type": "string"
    },
    "public_ip": {
      "value": "54.89.122.178",
      "type": "string"
    }
  },
  "resources": [
    {
      "mode": "managed",
      "type": "aws_instance",
      "name": "tf-private-ec2",
      "provider": "provider[\"registry.terraform.io/hashicorp/aws\"]",
      "instances": [
        {
          "schema_version": 1,
          "attributes": {
            "ami": "ami-053b0d53c279acc90",
            "arn": "arn:aws:ec2:us-east-1:899112647471:instance/i-0678d2b88c8c5f588",
            "associate_public_ip_address": false,
            "availability_zone": "us-east-1b",
            "capacity_reservation_specification": [
              {
                "capacity_reservation_preference": "open",
                "capacity_reservation_target": []
              }
            ],
            "cpu_core_count": 1,
            "cpu_options": [
              {
                "amd_sev_snp": "",
                "core_count": 1,
                "threads_per_core": 1
              }
            ],
            "cpu_threads_per_core": 1,
            "credit_specification": [
              {
                "cpu_credits": "standard"
              }
            ],
            "disable_api_stop": false,
            "disable_api_termination": false,
            "ebs_block_device": [],
            "ebs_optimized": false,
            "enclave_options": [
              {
                "enabled": false
              }
            ],
            "ephemeral_block_device": [],
            "get_password_data": false,
            "hibernation": false,
            "host_id": "",
            "host_resource_group_arn": null,
            "iam_instance_profile": "",
            "id": "i-0678d2b88c8c5f588",
            "instance_initiated_shutdown_behavior": "stop",
            "instance_lifecycle": "",
            "instance_market_options": [],
            "instance_state": "running",
            "instance_type": "t2.micro",
            "ipv6_address_count": 0,
            "ipv6_addresses": [],
            "key_name": "tfkey",
            "launch_template": [],
            "maintenance_options": [
              {
                "auto_recovery": "default"
              }
            ],
            "metadata_options": [
              {
                "http_endpoint": "enabled",
                "http_protocol_ipv6": "disabled",
                "http_put_response_hop_limit": 1,
                "http_tokens": "optional",
                "instance_metadata_tags": "disabled"
              }
            ],
            "monitoring": false,
            "network_interface": [],
            "outpost_arn": "",
            "password_data": "",
            "placement_group": "",
            "placement_partition_number": 0,
            "primary_network_interface_id": "eni-07f30c862a662c058",
            "private_dns": "ip-10-0-4-37.ec2.internal",
            "private_dns_name_options": [
              {
                "enable_resource_name_dns_a_record": false,
                "enable_resource_name_dns_aaaa_record": false,
                "hostname_type": "ip-name"
              }
            ],
            "private_ip": "10.0.4.37",
            "public_dns": "",
            "public_ip": "",
            "root_block_device": [
              {
                "delete_on_termination": true,
                "device_name": "/dev/sda1",
                "encrypted": false,
                "iops": 100,
                "kms_key_id": "",
                "tags": {},
                "throughput": 0,
                "volume_id": "vol-094b7c9fe2e125a94",
                "volume_size": 8,
                "volume_type": "gp2"
              }
            ],
            "secondary_private_ips": [],
            "security_groups": [],
            "source_dest_check": true,
            "spot_instance_request_id": "",
            "subnet_id": "subnet-09a3167dffc5fc330",
            "tags": {
              "Name": "tf-private-ec2"
            },
            "tags_all": {
              "Name": "tf-private-ec2"
            },
            "tenancy": "default",
            "timeouts": null,
            "user_data": null,
            "user_data_base64": null,
            "user_data_replace_on_change": false,
            "volume_tags": null,
            "vpc_security_group_ids": [
              "sg-05fbb4e3ac9ae5772"
            ]
          },
          "sensitive_attributes": [],
          "private": "eyJlMmJmYjczMC1lY2FhLTExZTYtOGY4OC0zNDM2M2JjN2M0YzAiOnsiY3JlYXRlIjo2MDAwMDAwMDAwMDAsImRlbGV0ZSI6MTIwMDAwMDAwMDAwMCwidXBkYXRlIjo2MDAwMDAwMDAwMDB9LCJzY2hlbWFfdmVyc2lvbiI6IjEifQ==",
          "dependencies": [
            "aws_key_pair.tfkeypair",
            "aws_security_group.tf-private-sg",
            "aws_security_group.tf-public-sg",
            "module.network.aws_subnet.subnet-private-tf",
            "module.network.aws_vpc.tf-vpc",
            "tls_private_key.tfkey"
          ]
        }
      ]
    },
    {
      "mode": "managed",
      "type": "aws_instance",
      "name": "tf-public-ec2",
      "provider": "provider[\"registry.terraform.io/hashicorp/aws\"]",
      "instances": [
        {
          "schema_version": 1,
          "attributes": {
            "ami": "ami-053b0d53c279acc90",
            "arn": "arn:aws:ec2:us-east-1:899112647471:instance/i-072273cce006cb1a2",
            "associate_public_ip_address": true,
            "availability_zone": "us-east-1a",
            "capacity_reservation_specification": [
              {
                "capacity_reservation_preference": "open",
                "capacity_reservation_target": []
              }
            ],
            "cpu_core_count": 1,
            "cpu_options": [
              {
                "amd_sev_snp": "",
                "core_count": 1,
                "threads_per_core": 1
              }
            ],
            "cpu_threads_per_core": 1,
            "credit_specification": [
              {
                "cpu_credits": "standard"
              }
            ],
            "disable_api_stop": false,
            "disable_api_termination": false,
            "ebs_block_device": [],
            "ebs_optimized": false,
            "enclave_options": [
              {
                "enabled": false
              }
            ],
            "ephemeral_block_device": [],
            "get_password_data": false,
            "hibernation": false,
            "host_id": "",
            "host_resource_group_arn": null,
            "iam_instance_profile": "",
            "id": "i-072273cce006cb1a2",
            "instance_initiated_shutdown_behavior": "stop",
            "instance_lifecycle": "",
            "instance_market_options": [],
            "instance_state": "running",
            "instance_type": "t2.micro",
            "ipv6_address_count": 0,
            "ipv6_addresses": [],
            "key_name": "tfkey",
            "launch_template": [],
            "maintenance_options": [
              {
                "auto_recovery": "default"
              }
            ],
            "metadata_options": [
              {
                "http_endpoint": "enabled",
                "http_protocol_ipv6": "disabled",
                "http_put_response_hop_limit": 1,
                "http_tokens": "optional",
                "instance_metadata_tags": "disabled"
              }
            ],
            "monitoring": false,
            "network_interface": [],
            "outpost_arn": "",
            "password_data": "",
            "placement_group": "",
            "placement_partition_number": 0,
            "primary_network_interface_id": "eni-035ae9a8dc17df31b",
            "private_dns": "ip-10-0-3-203.ec2.internal",
            "private_dns_name_options": [
              {
                "enable_resource_name_dns_a_record": false,
                "enable_resource_name_dns_aaaa_record": false,
                "hostname_type": "ip-name"
              }
            ],
            "private_ip": "10.0.3.203",
            "public_dns": "ec2-54-89-122-178.compute-1.amazonaws.com",
            "public_ip": "54.89.122.178",
            "root_block_device": [
              {
                "delete_on_termination": true,
                "device_name": "/dev/sda1",
                "encrypted": false,
                "iops": 100,
                "kms_key_id": "",
                "tags": {},
                "throughput": 0,
                "volume_id": "vol-045f6a8525ba5683e",
                "volume_size": 8,
                "volume_type": "gp2"
              }
            ],
            "secondary_private_ips": [],
            "security_groups": [],
            "source_dest_check": true,
            "spot_instance_request_id": "",
            "subnet_id": "subnet-0daaf5a545595abf7",
            "tags": {
              "Name": "tf-public-ec2"
            },
            "tags_all": {
              "Name": "tf-public-ec2"
            },
            "tenancy": "default",
            "timeouts": null,
            "user_data": null,
            "user_data_base64": null,
            "user_data_replace_on_change": false,
            "volume_tags": null,
            "vpc_security_group_ids": [
              "sg-05d81beae646cd79e"
            ]
          },
          "sensitive_attributes": [],
          "private": "eyJlMmJmYjczMC1lY2FhLTExZTYtOGY4OC0zNDM2M2JjN2M0YzAiOnsiY3JlYXRlIjo2MDAwMDAwMDAwMDAsImRlbGV0ZSI6MTIwMDAwMDAwMDAwMCwidXBkYXRlIjo2MDAwMDAwMDAwMDB9LCJzY2hlbWFfdmVyc2lvbiI6IjEifQ==",
          "dependencies": [
            "aws_key_pair.tfkeypair",
            "aws_security_group.tf-public-sg",
            "module.network.aws_subnet.subnet-public-tf",
            "module.network.aws_vpc.tf-vpc",
            "tls_private_key.tfkey"
          ]
        }
      ]
    },
    {
      "mode": "managed",
      "type": "aws_key_pair",
      "name": "tfkeypair",
      "provider": "provider[\"registry.terraform.io/hashicorp/aws\"]",
      "instances": [
        {
          "schema_version": 1,
          "attributes": {
            "arn": "arn:aws:ec2:us-east-1:899112647471:key-pair/tfkey",
            "fingerprint": "be:48:51:4f:9f:01:71:ad:44:02:5b:de:4d:b5:89:69",
            "id": "tfkey",
            "key_name": "tfkey",
            "key_name_prefix": "",
            "key_pair_id": "key-08637190736c5652e",
            "key_type": "rsa",
            "public_key": "ssh-rsa AAAAB3NzaC1yc2EAAAADAQABAAACAQDAHKTP3pav7TznIkWBDKU1nYbhzcgKBvHeSJEPLwwImExX2aUq+jIibKSaaXyPEgo+A40LVvPfcnPmD9AdA6l6SJQ4hBF0PvmTeAcpbxkEJ+cx9ubaR/0K1354njaRYiUyIFcnJinZHRz32sx/4kCNo1TGr8KxtWbkd4Na2VpW2t8/MOlMo9WEoQvAQrvGnFk5kaEbLQxK7c8ay0YpqndcB7e/3WdSW2rPTqKWqdRqxmmzQiHNMq/DUqGH75fPWTZ7INgQGEfxtaZwfGmGbV3mX0x0C/iHGx+W2UkQm3Mai8AkpNETElN7J8tH6jL0VdSUihivXidX5FtEMaKXeOuvcS3MCyXagYdAPQKZkYsaABPZW5ggtgdh3t9L2ayRJfny6GrmG7lxBXnjauQHMCR3tHzLw5aOH+ewHV1W5ICtQrs/SE2mWjIIbhXuDCHCwQtnfd/RyVOPFjR4+rNEf5rxd5CRTIwKaHkzgy3hb4WXKy0ZXacyQE3W+4UtRZW6onojLZ1NZ6kK9vpdqwc03n3cGtYXWOX0U07SPq/8MHJPlYBLBWs5i9W76HNvL0JDw9XBJfU7tgY/R6cTzrFcfnn3y4OeMznfwshg7mvgtNELBOnc9CiKk+bKkw17nQPASMW+VqZ6K7N4S7UEqFzLS6uoeNsFvqkCiWAUX1JBNn+HKw==",
            "tags": {},
            "tags_all": {}
          },
          "sensitive_attributes": [],
          "private": "eyJzY2hlbWFfdmVyc2lvbiI6IjEifQ==",
          "dependencies": [
            "tls_private_key.tfkey"
          ]
        }
      ]
    },
    {
      "mode": "managed",
      "type": "aws_security_group",
      "name": "tf-private-sg",
      "provider": "provider[\"registry.terraform.io/hashicorp/aws\"]",
      "instances": [
        {
          "schema_version": 1,
          "attributes": {
            "arn": "arn:aws:ec2:us-east-1:899112647471:security-group/sg-05fbb4e3ac9ae5772",
            "description": "Managed by Terraform",
            "egress": [
              {
                "cidr_blocks": [
                  "0.0.0.0/0"
                ],
                "description": "",
                "from_port": 0,
                "ipv6_cidr_blocks": [],
                "prefix_list_ids": [],
                "protocol": "-1",
                "security_groups": [],
                "self": false,
                "to_port": 0
              }
            ],
            "id": "sg-05fbb4e3ac9ae5772",
            "ingress": [
              {
                "cidr_blocks": [
                  "10.0.3.0/24"
                ],
                "description": "",
                "from_port": 0,
                "ipv6_cidr_blocks": [],
                "prefix_list_ids": [],
                "protocol": "tcp",
                "security_groups": [],
                "self": false,
                "to_port": 65535
              },
              {
                "cidr_blocks": [],
                "description": "",
                "from_port": 0,
                "ipv6_cidr_blocks": [],
                "prefix_list_ids": [],
                "protocol": "tcp",
                "security_groups": [
                  "sg-05d81beae646cd79e"
                ],
                "self": false,
                "to_port": 65535
              }
            ],
            "name": "terraform-20230822094903356000000002",
            "name_prefix": "terraform-",
            "owner_id": "899112647471",
            "revoke_rules_on_delete": false,
            "tags": {
              "Name": "tf-private-sg"
            },
            "tags_all": {
              "Name": "tf-private-sg"
            },
            "timeouts": null,
            "vpc_id": "vpc-0c74bfe7b6e436812"
          },
          "sensitive_attributes": [],
          "private": "eyJlMmJmYjczMC1lY2FhLTExZTYtOGY4OC0zNDM2M2JjN2M0YzAiOnsiY3JlYXRlIjo2MDAwMDAwMDAwMDAsImRlbGV0ZSI6OTAwMDAwMDAwMDAwfSwic2NoZW1hX3ZlcnNpb24iOiIxIn0=",
          "dependencies": [
            "aws_security_group.tf-public-sg",
            "module.network.aws_vpc.tf-vpc"
          ]
        }
      ]
    },
    {
      "mode": "managed",
      "type": "aws_security_group",
      "name": "tf-public-sg",
      "provider": "provider[\"registry.terraform.io/hashicorp/aws\"]",
      "instances": [
        {
          "schema_version": 1,
          "attributes": {
            "arn": "arn:aws:ec2:us-east-1:899112647471:security-group/sg-05d81beae646cd79e",
            "description": "Managed by Terraform",
            "egress": [
              {
                "cidr_blocks": [
                  "0.0.0.0/0"
                ],
                "description": "",
                "from_port": 0,
                "ipv6_cidr_blocks": [],
                "prefix_list_ids": [],
                "protocol": "-1",
                "security_groups": [],
                "self": false,
                "to_port": 0
              }
            ],
            "id": "sg-05d81beae646cd79e",
            "ingress": [
              {
                "cidr_blocks": [
                  "0.0.0.0/0"
                ],
                "description": "allow http",
                "from_port": 80,
                "ipv6_cidr_blocks": [],
                "prefix_list_ids": [],
                "protocol": "tcp",
                "security_groups": [],
                "self": false,
                "to_port": 80
              },
              {
                "cidr_blocks": [
                  "0.0.0.0/0"
                ],
                "description": "allow https",
                "from_port": 443,
                "ipv6_cidr_blocks": [],
                "prefix_list_ids": [],
                "protocol": "tcp",
                "security_groups": [],
                "self": false,
                "to_port": 443
              },
              {
                "cidr_blocks": [
                  "0.0.0.0/0"
                ],
                "description": "allow ssh",
                "from_port": 22,
                "ipv6_cidr_blocks": [],
                "prefix_list_ids": [],
                "protocol": "tcp",
                "security_groups": [],
                "self": false,
                "to_port": 22
              }
            ],
            "name": "terraform-20230822094859776300000001",
            "name_prefix": "terraform-",
            "owner_id": "899112647471",
            "revoke_rules_on_delete": false,
            "tags": {
              "Name": "tf-public-sg"
            },
            "tags_all": {
              "Name": "tf-public-sg"
            },
            "timeouts": null,
            "vpc_id": "vpc-0c74bfe7b6e436812"
          },
          "sensitive_attributes": [],
          "private": "eyJlMmJmYjczMC1lY2FhLTExZTYtOGY4OC0zNDM2M2JjN2M0YzAiOnsiY3JlYXRlIjo2MDAwMDAwMDAwMDAsImRlbGV0ZSI6OTAwMDAwMDAwMDAwfSwic2NoZW1hX3ZlcnNpb24iOiIxIn0=",
          "dependencies": [
            "module.network.aws_vpc.tf-vpc"
          ]
        }
      ]
    },
    {
      "mode": "managed",
      "type": "null_resource",
      "name": "runtime",
      "provider": "provider[\"registry.terraform.io/hashicorp/null\"]",
      "instances": [
        {
          "schema_version": 0,
          "attributes": {
            "id": "3184028574410406132",
            "triggers": {
              "always_run": "2023-08-22T10:09:13Z"
            }
          },
          "sensitive_attributes": [],
          "dependencies": [
            "aws_instance.tf-private-ec2",
            "aws_instance.tf-public-ec2",
            "tls_private_key.tfkey"
          ]
        }
      ]
    },
    {
      "mode": "managed",
      "type": "tls_private_key",
      "name": "tfkey",
      "provider": "provider[\"registry.terraform.io/hashicorp/tls\"]",
      "instances": [
        {
          "schema_version": 1,
          "attributes": {
            "algorithm": "RSA",
            "ecdsa_curve": "P224",
            "id": "0d03ceb4212056bbb8baf0910b7384fb523da932",
            "private_key_openssh": "-----BEGIN OPENSSH PRIVATE KEY-----\nb3BlbnNzaC1rZXktdjEAAAAABG5vbmUAAAAEbm9uZQAAAAAAAAABAAACFwAAAAdz\nc2gtcnNhAAAAAwEAAQAAAgEAwBykz96Wr+085yJFgQylNZ2G4c3ICgbx3kiRDy8M\nCJhMV9mlKvoyImykmml8jxIKPgONC1bz33Jz5g/QHQOpekiUOIQRdD75k3gHKW8Z\nBCfnMfbm2kf9Ctd+eJ42kWIlMiBXJyYp2R0c99rMf+JAjaNUxq/CsbVm5HeDWtla\nVtrfPzDpTKPVhKELwEK7xpxZOZGhGy0MSu3PGstGKap3XAe3v91nUltqz06ilqnU\nasZps0IhzTKvw1Khh++Xz1k2eyDYEBhH8bWmcHxphm1d5l9MdAv4hxsfltlJEJtz\nGovAJKTRExJTeyfLR+oy9FXUlIoYr14nV+RbRDGil3jrr3EtzAsl2oGHQD0CmZGL\nGgAT2VuYILYHYd7fS9mskSX58uhq5hu5cQV542rkBzAkd7R8y8OWjh/nsB1dVuSA\nrUK7P0hNployCG4V7gwhwsELZ33f0clTjxY0ePqzRH+a8XeQkUyMCmh5M4Mt4W+F\nlystGV2nMkBN1vuFLUWVuqJ6Iy2dTWepCvb6XasHNN593BrWF1jl9FNO0j6v/DBy\nT5WASwVrOYvVu+hzby9CQ8PVwSX1O7YGP0enE86xXH5598uDnjM538LIYO5r4LTR\nCwTp3PQoipPmypMNe50DwEjFvlameiuzeEu1BKhcy0urqHjbBb6pAolgFF9SQTZ/\nhysAAAc4wvFnIMLxZyAAAAAHc3NoLXJzYQAAAgEAwBykz96Wr+085yJFgQylNZ2G\n4c3ICgbx3kiRDy8MCJhMV9mlKvoyImykmml8jxIKPgONC1bz33Jz5g/QHQOpekiU\nOIQRdD75k3gHKW8ZBCfnMfbm2kf9Ctd+eJ42kWIlMiBXJyYp2R0c99rMf+JAjaNU\nxq/CsbVm5HeDWtlaVtrfPzDpTKPVhKELwEK7xpxZOZGhGy0MSu3PGstGKap3XAe3\nv91nUltqz06ilqnUasZps0IhzTKvw1Khh++Xz1k2eyDYEBhH8bWmcHxphm1d5l9M\ndAv4hxsfltlJEJtzGovAJKTRExJTeyfLR+oy9FXUlIoYr14nV+RbRDGil3jrr3Et\nzAsl2oGHQD0CmZGLGgAT2VuYILYHYd7fS9mskSX58uhq5hu5cQV542rkBzAkd7R8\ny8OWjh/nsB1dVuSArUK7P0hNployCG4V7gwhwsELZ33f0clTjxY0ePqzRH+a8XeQ\nkUyMCmh5M4Mt4W+FlystGV2nMkBN1vuFLUWVuqJ6Iy2dTWepCvb6XasHNN593BrW\nF1jl9FNO0j6v/DByT5WASwVrOYvVu+hzby9CQ8PVwSX1O7YGP0enE86xXH5598uD\nnjM538LIYO5r4LTRCwTp3PQoipPmypMNe50DwEjFvlameiuzeEu1BKhcy0urqHjb\nBb6pAolgFF9SQTZ/hysAAAADAQABAAACAEiNCLjwCNxbrbpkOPdpfSLoYL355ufS\ng5k8snuXeuXsDjjHGxdF8ZUKjoc5+y5U08VjtepoZiUmphpmMmQis+hYbJGDXswV\n1E8a7yl4qWvmXeuCoOAie6+SflKy/UyeUgnCKOfCA9/YnM4FtWE+Yr6axjNawR43\nsanqcJLorrNKaTEGGbU10jcKUtPC4AM7nH6fPsZylsfdU299APxPQlBhIcW1qYVy\nvL2ZptFbRbslP1nRSc6iq7oKBLK/iwdlW6vYVYCOiuz/euHUOk3oE6QirU7ODoeH\neMCRQoShEDEgQeoUzFh1fU1vU9fO3HtlxqhqFrRzzEvnE4iHbi3iHq80pMTdrTV0\nU6tmyjtrvX7eLe6XqbAK+uutrywz0LyJB33L4cjZsnsGtRfbyleAuumwHbwLLQEP\nLiAzAA/Mp2BjsMvwdO40D6ITBAcz7X2Q6BOJRy64ANCuEHeUUa+xe1fRqnuUF6nB\nd9Lc+Vyl0myn3X5AAg9uZr/ALHFNd3lODAmcBCwpdcRdckFmmeR07KXhhq68RKQI\nwRxH+Xhbq/tCOgai4Iu/PiUFXHFKNjPWR0m1UeUnqqV4NrRgoMpARpJuOP4ztUL7\n90BiG3MZ8Cfk3aMp6lXLI2nvB2/LLi4QmG3kPeE6wn+1qnTuzl8bD82dlwdo1Blx\n/2cbjkQIgpehAAABABqvlanC/KjXblHC6pZGGKHvCsF8msJPCevGtXToa736+gpU\npC+vMl7zAQAFCjLe01Spm9Bg2S4cNY5DyLoOdauvqfrktofy9Z5YwkLu4Ln6w3rc\n6kv0ApfREqjdVZcOAK5YaZt8WhB8rfZumg6zMnONuDMqFEn7AMUZwTe2gaKfEDov\nBbujJ/I635iS3Ne2oXNVry+s3Ua+gE63eawh/RwWrxOknxTKTjDusQloKoWw0sYE\nk3uvIz8yEPRvIgJi0ZO9Ojuk1dssmbbINZfMsFYieDgjbInBZwPXhejQiA8YsFW3\nTSRpJqtECVEaS3yA+HrwdzVvEQeEtA+PUvrcYeUAAAEBAPVc5PEQBz+bsQs+RSgj\n7DKhzLvnqGcJ68Up5dnJxJdsK/bUYGPYKwr46Y0BINrGLAD7sggZzuDwzPHhRafq\nJ4P2AuSM6ym6z3dKhkBBBE6eP6NIaKa0edjCLV6EU5tsJjQHB49FEoAx4KxiavLQ\nztmErKznmOmEb4nHA7sci9M3bnNqJbAk5NDlh6Qlhxz6BWNK0Ns8KD8eIu2tpol8\nxBLrdbXvq0kbSMN1KOaDDZs7FLyXRo7WQHmRzh70pyPB3oThx5MtqxEN5mrO/ug2\nEXRTEESEAaGAuiY/OdbfsyLs1ao2MTTjGBeQgbjcUVprc8g+3ZioDVJiZ3/GJ+Fw\n+NkAAAEBAMhwwVgAElYpNYMXPZLe6IE/W8ajyr0jP9prLNTeQ9b6b8vhUYfaG7P1\n2drieP4GKlKXoHorAsQXw+Z9wWDB1Hfn2U6p+ATmnrICeL1JV4vf++FZPyY5ywGm\nSP7TcV2Ku9Iri3NPDvtwYjN9hMT+5gsCvgQChtxhc3QujzfCXXFZV0jBWtaBgL6k\nAEgC2XrBJXMLQyaEFPcH0Usy3M7xgFuSxrzSOiu0d/LvxC18pAWHP6eJAIkPIgFS\nmkgv8iRdwHrKLGK8wtd6wmhZaN7BZGGX5UmUMgFiWaGa51MZ9sb+Lnwdz9tIVYcN\nyoUN7x5hUYidmDXwDcownZiuN0IUnaMAAAAAAQID\n-----END OPENSSH PRIVATE KEY-----\n",
            "private_key_pem": "-----BEGIN RSA PRIVATE KEY-----\nMIIJKQIBAAKCAgEAwBykz96Wr+085yJFgQylNZ2G4c3ICgbx3kiRDy8MCJhMV9ml\nKvoyImykmml8jxIKPgONC1bz33Jz5g/QHQOpekiUOIQRdD75k3gHKW8ZBCfnMfbm\n2kf9Ctd+eJ42kWIlMiBXJyYp2R0c99rMf+JAjaNUxq/CsbVm5HeDWtlaVtrfPzDp\nTKPVhKELwEK7xpxZOZGhGy0MSu3PGstGKap3XAe3v91nUltqz06ilqnUasZps0Ih\nzTKvw1Khh++Xz1k2eyDYEBhH8bWmcHxphm1d5l9MdAv4hxsfltlJEJtzGovAJKTR\nExJTeyfLR+oy9FXUlIoYr14nV+RbRDGil3jrr3EtzAsl2oGHQD0CmZGLGgAT2VuY\nILYHYd7fS9mskSX58uhq5hu5cQV542rkBzAkd7R8y8OWjh/nsB1dVuSArUK7P0hN\nployCG4V7gwhwsELZ33f0clTjxY0ePqzRH+a8XeQkUyMCmh5M4Mt4W+FlystGV2n\nMkBN1vuFLUWVuqJ6Iy2dTWepCvb6XasHNN593BrWF1jl9FNO0j6v/DByT5WASwVr\nOYvVu+hzby9CQ8PVwSX1O7YGP0enE86xXH5598uDnjM538LIYO5r4LTRCwTp3PQo\nipPmypMNe50DwEjFvlameiuzeEu1BKhcy0urqHjbBb6pAolgFF9SQTZ/hysCAwEA\nAQKCAgBIjQi48AjcW626ZDj3aX0i6GC9+ebn0oOZPLJ7l3rl7A44xxsXRfGVCo6H\nOfsuVNPFY7XqaGYlJqYaZjJkIrPoWGyRg17MFdRPGu8peKlr5l3rgqDgInuvkn5S\nsv1MnlIJwijnwgPf2JzOBbVhPmK+msYzWsEeN7Gp6nCS6K6zSmkxBhm1NdI3ClLT\nwuADO5x+nz7GcpbH3VNvfQD8T0JQYSHFtamFcry9mabRW0W7JT9Z0UnOoqu6CgSy\nv4sHZVur2FWAjors/3rh1DpN6BOkIq1Ozg6Hh3jAkUKEoRAxIEHqFMxYdX1Nb1PX\nztx7Zcaoaha0c8xL5xOIh24t4h6vNKTE3a01dFOrZso7a71+3i3ul6mwCvrrra8s\nM9C8iQd9y+HI2bJ7BrUX28pXgLrpsB28Cy0BDy4gMwAPzKdgY7DL8HTuNA+iEwQH\nM+19kOgTiUcuuADQrhB3lFGvsXtX0ap7lBepwXfS3PlcpdJsp91+QAIPbma/wCxx\nTXd5TgwJnAQsKXXEXXJBZpnkdOyl4YauvESkCMEcR/l4W6v7QjoGouCLvz4lBVxx\nSjYz1kdJtVHlJ6qleDa0YKDKQEaSbjj+M7VC+/dAYhtzGfAn5N2jKepVyyNp7wdv\nyy4uEJht5D3hOsJ/tap07s5fGw/NnZcHaNQZcf9nG45ECIKXoQKCAQEA9Vzk8RAH\nP5uxCz5FKCPsMqHMu+eoZwnrxSnl2cnEl2wr9tRgY9grCvjpjQEg2sYsAPuyCBnO\n4PDM8eFFp+ong/YC5IzrKbrPd0qGQEEETp4/o0hoprR52MItXoRTm2wmNAcHj0US\ngDHgrGJq8tDO2YSsrOeY6YRviccDuxyL0zduc2olsCTk0OWHpCWHHPoFY0rQ2zwo\nPx4i7a2miXzEEut1te+rSRtIw3Uo5oMNmzsUvJdGjtZAeZHOHvSnI8HehOHHky2r\nEQ3mas7+6DYRdFMQRIQBoYC6Jj851t+zIuzVqjYxNOMYF5CBuNxRWmtzyD7dmKgN\nUmJnf8Yn4XD42QKCAQEAyHDBWAASVik1gxc9kt7ogT9bxqPKvSM/2mss1N5D1vpv\ny+FRh9obs/XZ2uJ4/gYqUpegeisCxBfD5n3BYMHUd+fZTqn4BOaesgJ4vUlXi9/7\n4Vk/JjnLAaZI/tNxXYq70iuLc08O+3BiM32ExP7mCwK+BAKG3GFzdC6PN8JdcVlX\nSMFa1oGAvqQASALZesElcwtDJoQU9wfRSzLczvGAW5LGvNI6K7R38u/ELXykBYc/\np4kAiQ8iAVKaSC/yJF3AesosYrzC13rCaFlo3sFkYZflSZQyAWJZoZrnUxn2xv4u\nfB3P20hVhw3KhQ3vHmFRiJ2YNfANyjCdmK43QhSdowKCAQEAw0jhSuAn9L91BO7V\n2iHlP1M6ASBbD099IJq9Pz7wwlgtEbJs2WrWr0/3iuun+5gYs9ugEgSAfNYLOETE\nzOV39/aYzNE/5iGyOE7PVVqqE+yt18aszGn+RMAfngeSB7TnHyetI6GlHPUVzf4z\nAvmgeM25JZDbSpjGsZD9bjJFM6H9vcxxHKXwnDbjY4ke5bg1C5cjbiqOGdZhlGxO\njUUJRcm0EU8lM/WMT0zzdaw+6xr14ThBxzPNczTSKh8s3C/UbEzLLF//tH4sszv2\n9Fj8QWpPG0k5hxJOllxiK5w2FokLcgLZ3S8WIMM6DCkGcwHs0CcA9hxjJfv+Rlsv\nqKXi2QKCAQEAh4AyNFtYCgcxtb0wUul+JGHAmTiBBfueXvm1BPJ8ygfjK+DWTRCV\nScMZ027mfFOOqOb4BZ6t8AJg3KCG6fIewDBsJ1Gf6TA+d/hTxyKdnGF+1YiPuDe5\nlRPkpOAr8yCmeB4X14vKhRAkUsq3xrTKrwbbjbpnkPQQKKqRBxDOOqI672RHFFvX\nvQkBZ60FeIa52lvyuUbxJU6TnlJ0EzIPo9hFocA8su79Z63O4TExcMtNrORhCEbC\npkJBKiu/dfYq+NdTyivxS9ohMom+61exlIgq6OLWKzlhfm5Jk1QqD7wlkKJWsdbk\nerhIAEq7K75+b+yZyVzO9bCH2X9su69UIQKCAQAar5Wpwvyo125RwuqWRhih7wrB\nfJrCTwnrxrV06Gu9+voKVKQvrzJe8wEABQoy3tNUqZvQYNkuHDWOQ8i6DnWrr6n6\n5LaH8vWeWMJC7uC5+sN63OpL9AKX0RKo3VWXDgCuWGmbfFoQfK32bpoOszJzjbgz\nKhRJ+wDFGcE3toGinxA6LwW7oyfyOt+YktzXtqFzVa8vrN1GvoBOt3msIf0cFq8T\npJ8Uyk4w7rEJaCqFsNLGBJN7ryM/MhD0byICYtGTvTo7pNXbLJm2yDWXzLBWIng4\nI2yJwWcD14Xo0IgPGLBVt00kaSarRAlRGkt8gPh68Hc1bxEHhLQPj1L63GHl\n-----END RSA PRIVATE KEY-----\n",
            "private_key_pem_pkcs8": "-----BEGIN PRIVATE KEY-----\nMIIJQwIBADANBgkqhkiG9w0BAQEFAASCCS0wggkpAgEAAoICAQDAHKTP3pav7Tzn\nIkWBDKU1nYbhzcgKBvHeSJEPLwwImExX2aUq+jIibKSaaXyPEgo+A40LVvPfcnPm\nD9AdA6l6SJQ4hBF0PvmTeAcpbxkEJ+cx9ubaR/0K1354njaRYiUyIFcnJinZHRz3\n2sx/4kCNo1TGr8KxtWbkd4Na2VpW2t8/MOlMo9WEoQvAQrvGnFk5kaEbLQxK7c8a\ny0YpqndcB7e/3WdSW2rPTqKWqdRqxmmzQiHNMq/DUqGH75fPWTZ7INgQGEfxtaZw\nfGmGbV3mX0x0C/iHGx+W2UkQm3Mai8AkpNETElN7J8tH6jL0VdSUihivXidX5FtE\nMaKXeOuvcS3MCyXagYdAPQKZkYsaABPZW5ggtgdh3t9L2ayRJfny6GrmG7lxBXnj\nauQHMCR3tHzLw5aOH+ewHV1W5ICtQrs/SE2mWjIIbhXuDCHCwQtnfd/RyVOPFjR4\n+rNEf5rxd5CRTIwKaHkzgy3hb4WXKy0ZXacyQE3W+4UtRZW6onojLZ1NZ6kK9vpd\nqwc03n3cGtYXWOX0U07SPq/8MHJPlYBLBWs5i9W76HNvL0JDw9XBJfU7tgY/R6cT\nzrFcfnn3y4OeMznfwshg7mvgtNELBOnc9CiKk+bKkw17nQPASMW+VqZ6K7N4S7UE\nqFzLS6uoeNsFvqkCiWAUX1JBNn+HKwIDAQABAoICAEiNCLjwCNxbrbpkOPdpfSLo\nYL355ufSg5k8snuXeuXsDjjHGxdF8ZUKjoc5+y5U08VjtepoZiUmphpmMmQis+hY\nbJGDXswV1E8a7yl4qWvmXeuCoOAie6+SflKy/UyeUgnCKOfCA9/YnM4FtWE+Yr6a\nxjNawR43sanqcJLorrNKaTEGGbU10jcKUtPC4AM7nH6fPsZylsfdU299APxPQlBh\nIcW1qYVyvL2ZptFbRbslP1nRSc6iq7oKBLK/iwdlW6vYVYCOiuz/euHUOk3oE6Qi\nrU7ODoeHeMCRQoShEDEgQeoUzFh1fU1vU9fO3HtlxqhqFrRzzEvnE4iHbi3iHq80\npMTdrTV0U6tmyjtrvX7eLe6XqbAK+uutrywz0LyJB33L4cjZsnsGtRfbyleAuumw\nHbwLLQEPLiAzAA/Mp2BjsMvwdO40D6ITBAcz7X2Q6BOJRy64ANCuEHeUUa+xe1fR\nqnuUF6nBd9Lc+Vyl0myn3X5AAg9uZr/ALHFNd3lODAmcBCwpdcRdckFmmeR07KXh\nhq68RKQIwRxH+Xhbq/tCOgai4Iu/PiUFXHFKNjPWR0m1UeUnqqV4NrRgoMpARpJu\nOP4ztUL790BiG3MZ8Cfk3aMp6lXLI2nvB2/LLi4QmG3kPeE6wn+1qnTuzl8bD82d\nlwdo1Blx/2cbjkQIgpehAoIBAQD1XOTxEAc/m7ELPkUoI+wyocy756hnCevFKeXZ\nycSXbCv21GBj2CsK+OmNASDaxiwA+7IIGc7g8Mzx4UWn6ieD9gLkjOspus93SoZA\nQQROnj+jSGimtHnYwi1ehFObbCY0BwePRRKAMeCsYmry0M7ZhKys55jphG+JxwO7\nHIvTN25zaiWwJOTQ5YekJYcc+gVjStDbPCg/HiLtraaJfMQS63W176tJG0jDdSjm\ngw2bOxS8l0aO1kB5kc4e9Kcjwd6E4ceTLasRDeZqzv7oNhF0UxBEhAGhgLomPznW\n37Mi7NWqNjE04xgXkIG43FFaa3PIPt2YqA1SYmd/xifhcPjZAoIBAQDIcMFYABJW\nKTWDFz2S3uiBP1vGo8q9Iz/aayzU3kPW+m/L4VGH2huz9dna4nj+BipSl6B6KwLE\nF8PmfcFgwdR359lOqfgE5p6yAni9SVeL3/vhWT8mOcsBpkj+03FdirvSK4tzTw77\ncGIzfYTE/uYLAr4EAobcYXN0Lo83wl1xWVdIwVrWgYC+pABIAtl6wSVzC0MmhBT3\nB9FLMtzO8YBbksa80jortHfy78QtfKQFhz+niQCJDyIBUppIL/IkXcB6yixivMLX\nesJoWWjewWRhl+VJlDIBYlmhmudTGfbG/i58Hc/bSFWHDcqFDe8eYVGInZg18A3K\nMJ2YrjdCFJ2jAoIBAQDDSOFK4Cf0v3UE7tXaIeU/UzoBIFsPT30gmr0/PvDCWC0R\nsmzZatavT/eK66f7mBiz26ASBIB81gs4RMTM5Xf39pjM0T/mIbI4Ts9VWqoT7K3X\nxqzMaf5EwB+eB5IHtOcfJ60joaUc9RXN/jMC+aB4zbklkNtKmMaxkP1uMkUzof29\nzHEcpfCcNuNjiR7luDULlyNuKo4Z1mGUbE6NRQlFybQRTyUz9YxPTPN1rD7rGvXh\nOEHHM81zNNIqHyzcL9RsTMssX/+0fiyzO/b0WPxBak8bSTmHEk6WXGIrnDYWiQty\nAtndLxYgwzoMKQZzAezQJwD2HGMl+/5GWy+opeLZAoIBAQCHgDI0W1gKBzG1vTBS\n6X4kYcCZOIEF+55e+bUE8nzKB+Mr4NZNEJVJwxnTbuZ8U46o5vgFnq3wAmDcoIbp\n8h7AMGwnUZ/pMD53+FPHIp2cYX7ViI+4N7mVE+Sk4CvzIKZ4HhfXi8qFECRSyrfG\ntMqvBtuNumeQ9BAoqpEHEM46ojrvZEcUW9e9CQFnrQV4hrnaW/K5RvElTpOeUnQT\nMg+j2EWhwDyy7v1nrc7hMTFwy02s5GEIRsKmQkEqK7919ir411PKK/FL2iEyib7r\nV7GUiCro4tYrOWF+bkmTVCoPvCWQolax1uR6uEgASrsrvn5v7JnJXM71sIfZf2y7\nr1QhAoIBABqvlanC/KjXblHC6pZGGKHvCsF8msJPCevGtXToa736+gpUpC+vMl7z\nAQAFCjLe01Spm9Bg2S4cNY5DyLoOdauvqfrktofy9Z5YwkLu4Ln6w3rc6kv0ApfR\nEqjdVZcOAK5YaZt8WhB8rfZumg6zMnONuDMqFEn7AMUZwTe2gaKfEDovBbujJ/I6\n35iS3Ne2oXNVry+s3Ua+gE63eawh/RwWrxOknxTKTjDusQloKoWw0sYEk3uvIz8y\nEPRvIgJi0ZO9Ojuk1dssmbbINZfMsFYieDgjbInBZwPXhejQiA8YsFW3TSRpJqtE\nCVEaS3yA+HrwdzVvEQeEtA+PUvrcYeU=\n-----END PRIVATE KEY-----\n",
            "public_key_fingerprint_md5": "be:e2:cb:ca:94:8f:6b:cf:50:f3:78:fa:a1:e7:d1:3e",
            "public_key_fingerprint_sha256": "SHA256:DMXEl1qCz4JpzavJuoOgnHgoYzOc5snydLddxjUKdhI",
            "public_key_openssh": "ssh-rsa AAAAB3NzaC1yc2EAAAADAQABAAACAQDAHKTP3pav7TznIkWBDKU1nYbhzcgKBvHeSJEPLwwImExX2aUq+jIibKSaaXyPEgo+A40LVvPfcnPmD9AdA6l6SJQ4hBF0PvmTeAcpbxkEJ+cx9ubaR/0K1354njaRYiUyIFcnJinZHRz32sx/4kCNo1TGr8KxtWbkd4Na2VpW2t8/MOlMo9WEoQvAQrvGnFk5kaEbLQxK7c8ay0YpqndcB7e/3WdSW2rPTqKWqdRqxmmzQiHNMq/DUqGH75fPWTZ7INgQGEfxtaZwfGmGbV3mX0x0C/iHGx+W2UkQm3Mai8AkpNETElN7J8tH6jL0VdSUihivXidX5FtEMaKXeOuvcS3MCyXagYdAPQKZkYsaABPZW5ggtgdh3t9L2ayRJfny6GrmG7lxBXnjauQHMCR3tHzLw5aOH+ewHV1W5ICtQrs/SE2mWjIIbhXuDCHCwQtnfd/RyVOPFjR4+rNEf5rxd5CRTIwKaHkzgy3hb4WXKy0ZXacyQE3W+4UtRZW6onojLZ1NZ6kK9vpdqwc03n3cGtYXWOX0U07SPq/8MHJPlYBLBWs5i9W76HNvL0JDw9XBJfU7tgY/R6cTzrFcfnn3y4OeMznfwshg7mvgtNELBOnc9CiKk+bKkw17nQPASMW+VqZ6K7N4S7UEqFzLS6uoeNsFvqkCiWAUX1JBNn+HKw==\n",
            "public_key_pem": "-----BEGIN PUBLIC KEY-----\nMIICIjANBgkqhkiG9w0BAQEFAAOCAg8AMIICCgKCAgEAwBykz96Wr+085yJFgQyl\nNZ2G4c3ICgbx3kiRDy8MCJhMV9mlKvoyImykmml8jxIKPgONC1bz33Jz5g/QHQOp\nekiUOIQRdD75k3gHKW8ZBCfnMfbm2kf9Ctd+eJ42kWIlMiBXJyYp2R0c99rMf+JA\njaNUxq/CsbVm5HeDWtlaVtrfPzDpTKPVhKELwEK7xpxZOZGhGy0MSu3PGstGKap3\nXAe3v91nUltqz06ilqnUasZps0IhzTKvw1Khh++Xz1k2eyDYEBhH8bWmcHxphm1d\n5l9MdAv4hxsfltlJEJtzGovAJKTRExJTeyfLR+oy9FXUlIoYr14nV+RbRDGil3jr\nr3EtzAsl2oGHQD0CmZGLGgAT2VuYILYHYd7fS9mskSX58uhq5hu5cQV542rkBzAk\nd7R8y8OWjh/nsB1dVuSArUK7P0hNployCG4V7gwhwsELZ33f0clTjxY0ePqzRH+a\n8XeQkUyMCmh5M4Mt4W+FlystGV2nMkBN1vuFLUWVuqJ6Iy2dTWepCvb6XasHNN59\n3BrWF1jl9FNO0j6v/DByT5WASwVrOYvVu+hzby9CQ8PVwSX1O7YGP0enE86xXH55\n98uDnjM538LIYO5r4LTRCwTp3PQoipPmypMNe50DwEjFvlameiuzeEu1BKhcy0ur\nqHjbBb6pAolgFF9SQTZ/hysCAwEAAQ==\n-----END PUBLIC KEY-----\n",
            "rsa_bits": 4096
          },
          "sensitive_attributes": []
        }
      ]
    },
    {
      "module": "module.network",
      "mode": "managed",
      "type": "aws_eip",
      "name": "elastic-ip",
      "provider": "provider[\"registry.terraform.io/hashicorp/aws\"]",
      "instances": [
        {
          "schema_version": 0,
          "attributes": {
            "address": null,
            "allocation_id": "eipalloc-00742a4e6d18a8aa1",
            "associate_with_private_ip": null,
            "association_id": "eipassoc-03a4add86ccc61819",
            "carrier_ip": "",
            "customer_owned_ip": "",
            "customer_owned_ipv4_pool": "",
            "domain": "vpc",
            "id": "eipalloc-00742a4e6d18a8aa1",
            "instance": "",
            "network_border_group": "us-east-1",
            "network_interface": "eni-05b3cdbdf098db8df",
            "private_dns": "ip-10-0-3-121.ec2.internal",
            "private_ip": "10.0.3.121",
            "public_dns": "ec2-23-22-130-27.compute-1.amazonaws.com",
            "public_ip": "23.22.130.27",
            "public_ipv4_pool": "amazon",
            "tags": {
              "Name": "elastic-ip"
            },
            "tags_all": {
              "Name": "elastic-ip"
            },
            "timeouts": null,
            "vpc": true
          },
          "sensitive_attributes": [],
          "private": "eyJlMmJmYjczMC1lY2FhLTExZTYtOGY4OC0zNDM2M2JjN2M0YzAiOnsiZGVsZXRlIjoxODAwMDAwMDAwMDAsInJlYWQiOjkwMDAwMDAwMDAwMCwidXBkYXRlIjozMDAwMDAwMDAwMDB9fQ=="
        }
      ]
    },
    {
      "module": "module.network",
      "mode": "managed",
      "type": "aws_internet_gateway",
      "name": "tf-igw",
      "provider": "provider[\"registry.terraform.io/hashicorp/aws\"]",
      "instances": [
        {
          "schema_version": 0,
          "attributes": {
            "arn": "arn:aws:ec2:us-east-1:899112647471:internet-gateway/igw-063845cba5259741a",
            "id": "igw-063845cba5259741a",
            "owner_id": "899112647471",
            "tags": {
              "Name": "tf-igw"
            },
            "tags_all": {
              "Name": "tf-igw"
            },
            "timeouts": null,
            "vpc_id": "vpc-0c74bfe7b6e436812"
          },
          "sensitive_attributes": [],
          "private": "eyJlMmJmYjczMC1lY2FhLTExZTYtOGY4OC0zNDM2M2JjN2M0YzAiOnsiY3JlYXRlIjoxMjAwMDAwMDAwMDAwLCJkZWxldGUiOjEyMDAwMDAwMDAwMDAsInVwZGF0ZSI6MTIwMDAwMDAwMDAwMH19",
          "dependencies": [
            "module.network.aws_vpc.tf-vpc"
          ]
        }
      ]
    },
    {
      "module": "module.network",
      "mode": "managed",
      "type": "aws_nat_gateway",
      "name": "tf-NatGateway",
      "provider": "provider[\"registry.terraform.io/hashicorp/aws\"]",
      "instances": [
        {
          "schema_version": 0,
          "attributes": {
            "allocation_id": "eipalloc-00742a4e6d18a8aa1",
            "association_id": "eipassoc-03a4add86ccc61819",
            "connectivity_type": "public",
            "id": "nat-04d0113411f817803",
            "network_interface_id": "eni-05b3cdbdf098db8df",
            "private_ip": "10.0.3.121",
            "public_ip": "23.22.130.27",
            "secondary_allocation_ids": [],
            "secondary_private_ip_address_count": 0,
            "secondary_private_ip_addresses": [],
            "subnet_id": "subnet-0daaf5a545595abf7",
            "tags": {
              "Name": "tf-NatGateway"
            },
            "tags_all": {
              "Name": "tf-NatGateway"
            },
            "timeouts": null
          },
          "sensitive_attributes": [],
          "private": "eyJlMmJmYjczMC1lY2FhLTExZTYtOGY4OC0zNDM2M2JjN2M0YzAiOnsiY3JlYXRlIjo2MDAwMDAwMDAwMDAsImRlbGV0ZSI6MTgwMDAwMDAwMDAwMCwidXBkYXRlIjo2MDAwMDAwMDAwMDB9fQ==",
          "dependencies": [
            "module.network.aws_eip.elastic-ip",
            "module.network.aws_subnet.subnet-public-tf",
            "module.network.aws_vpc.tf-vpc"
          ]
        }
      ]
    },
    {
      "module": "module.network",
      "mode": "managed",
      "type": "aws_route_table",
      "name": "tf-private-rt",
      "provider": "provider[\"registry.terraform.io/hashicorp/aws\"]",
      "instances": [
        {
          "schema_version": 0,
          "attributes": {
            "arn": "arn:aws:ec2:us-east-1:899112647471:route-table/rtb-0b8a7cd7badfd657e",
            "id": "rtb-0b8a7cd7badfd657e",
            "owner_id": "899112647471",
            "propagating_vgws": [],
            "route": [
              {
                "carrier_gateway_id": "",
                "cidr_block": "0.0.0.0/0",
                "core_network_arn": "",
                "destination_prefix_list_id": "",
                "egress_only_gateway_id": "",
                "gateway_id": "nat-04d0113411f817803",
                "ipv6_cidr_block": "",
                "local_gateway_id": "",
                "nat_gateway_id": "",
                "network_interface_id": "",
                "transit_gateway_id": "",
                "vpc_endpoint_id": "",
                "vpc_peering_connection_id": ""
              }
            ],
            "tags": {
              "Name": "tf-private-rt"
            },
            "tags_all": {
              "Name": "tf-private-rt"
            },
            "timeouts": null,
            "vpc_id": "vpc-0c74bfe7b6e436812"
          },
          "sensitive_attributes": [],
          "private": "eyJlMmJmYjczMC1lY2FhLTExZTYtOGY4OC0zNDM2M2JjN2M0YzAiOnsiY3JlYXRlIjozMDAwMDAwMDAwMDAsImRlbGV0ZSI6MzAwMDAwMDAwMDAwLCJ1cGRhdGUiOjEyMDAwMDAwMDAwMH19",
          "dependencies": [
            "module.network.aws_nat_gateway.tf-NatGateway",
            "module.network.aws_vpc.tf-vpc"
          ]
        }
      ]
    },
    {
      "module": "module.network",
      "mode": "managed",
      "type": "aws_route_table",
      "name": "tf-public-rt",
      "provider": "provider[\"registry.terraform.io/hashicorp/aws\"]",
      "instances": [
        {
          "schema_version": 0,
          "attributes": {
            "arn": "arn:aws:ec2:us-east-1:899112647471:route-table/rtb-022070a8d8d59a16f",
            "id": "rtb-022070a8d8d59a16f",
            "owner_id": "899112647471",
            "propagating_vgws": [],
            "route": [
              {
                "carrier_gateway_id": "",
                "cidr_block": "0.0.0.0/0",
                "core_network_arn": "",
                "destination_prefix_list_id": "",
                "egress_only_gateway_id": "",
                "gateway_id": "igw-063845cba5259741a",
                "ipv6_cidr_block": "",
                "local_gateway_id": "",
                "nat_gateway_id": "",
                "network_interface_id": "",
                "transit_gateway_id": "",
                "vpc_endpoint_id": "",
                "vpc_peering_connection_id": ""
              }
            ],
            "tags": {
              "Name": "tf-public-rt"
            },
            "tags_all": {
              "Name": "tf-public-rt"
            },
            "timeouts": null,
            "vpc_id": "vpc-0c74bfe7b6e436812"
          },
          "sensitive_attributes": [],
          "private": "eyJlMmJmYjczMC1lY2FhLTExZTYtOGY4OC0zNDM2M2JjN2M0YzAiOnsiY3JlYXRlIjozMDAwMDAwMDAwMDAsImRlbGV0ZSI6MzAwMDAwMDAwMDAwLCJ1cGRhdGUiOjEyMDAwMDAwMDAwMH19",
          "dependencies": [
            "module.network.aws_internet_gateway.tf-igw",
            "module.network.aws_vpc.tf-vpc"
          ]
        }
      ]
    },
    {
      "module": "module.network",
      "mode": "managed",
      "type": "aws_route_table_association",
      "name": "tf-rta-private-subnet",
      "provider": "provider[\"registry.terraform.io/hashicorp/aws\"]",
      "instances": [
        {
          "schema_version": 0,
          "attributes": {
            "gateway_id": "",
            "id": "rtbassoc-0dcdac5916aade0bf",
            "route_table_id": "rtb-0b8a7cd7badfd657e",
            "subnet_id": "subnet-09a3167dffc5fc330",
            "timeouts": null
          },
          "sensitive_attributes": [],
          "private": "eyJlMmJmYjczMC1lY2FhLTExZTYtOGY4OC0zNDM2M2JjN2M0YzAiOnsiY3JlYXRlIjozMDAwMDAwMDAwMDAsImRlbGV0ZSI6MzAwMDAwMDAwMDAwLCJ1cGRhdGUiOjEyMDAwMDAwMDAwMH19",
          "dependencies": [
            "module.network.aws_eip.elastic-ip",
            "module.network.aws_nat_gateway.tf-NatGateway",
            "module.network.aws_route_table.tf-private-rt",
            "module.network.aws_subnet.subnet-private-tf",
            "module.network.aws_subnet.subnet-public-tf",
            "module.network.aws_vpc.tf-vpc"
          ]
        }
      ]
    },
    {
      "module": "module.network",
      "mode": "managed",
      "type": "aws_route_table_association",
      "name": "tf-rta-public-subnet",
      "provider": "provider[\"registry.terraform.io/hashicorp/aws\"]",
      "instances": [
        {
          "schema_version": 0,
          "attributes": {
            "gateway_id": "",
            "id": "rtbassoc-090e44f13f105588e",
            "route_table_id": "rtb-022070a8d8d59a16f",
            "subnet_id": "subnet-0daaf5a545595abf7",
            "timeouts": null
          },
          "sensitive_attributes": [],
          "private": "eyJlMmJmYjczMC1lY2FhLTExZTYtOGY4OC0zNDM2M2JjN2M0YzAiOnsiY3JlYXRlIjozMDAwMDAwMDAwMDAsImRlbGV0ZSI6MzAwMDAwMDAwMDAwLCJ1cGRhdGUiOjEyMDAwMDAwMDAwMH19",
          "dependencies": [
            "module.network.aws_internet_gateway.tf-igw",
            "module.network.aws_route_table.tf-public-rt",
            "module.network.aws_subnet.subnet-public-tf",
            "module.network.aws_vpc.tf-vpc"
          ]
        }
      ]
    },
    {
      "module": "module.network",
      "mode": "managed",
      "type": "aws_subnet",
      "name": "subnet-private-tf",
      "provider": "provider[\"registry.terraform.io/hashicorp/aws\"]",
      "instances": [
        {
          "schema_version": 1,
          "attributes": {
            "arn": "arn:aws:ec2:us-east-1:899112647471:subnet/subnet-09a3167dffc5fc330",
            "assign_ipv6_address_on_creation": false,
            "availability_zone": "us-east-1b",
            "availability_zone_id": "use1-az1",
            "cidr_block": "10.0.4.0/24",
            "customer_owned_ipv4_pool": "",
            "enable_dns64": false,
            "enable_lni_at_device_index": 0,
            "enable_resource_name_dns_a_record_on_launch": false,
            "enable_resource_name_dns_aaaa_record_on_launch": false,
            "id": "subnet-09a3167dffc5fc330",
            "ipv6_cidr_block": "",
            "ipv6_cidr_block_association_id": "",
            "ipv6_native": false,
            "map_customer_owned_ip_on_launch": false,
            "map_public_ip_on_launch": false,
            "outpost_arn": "",
            "owner_id": "899112647471",
            "private_dns_hostname_type_on_launch": "ip-name",
            "tags": {
              "Name": "subnet-private-tf"
            },
            "tags_all": {
              "Name": "subnet-private-tf"
            },
            "timeouts": null,
            "vpc_id": "vpc-0c74bfe7b6e436812"
          },
          "sensitive_attributes": [],
          "private": "eyJlMmJmYjczMC1lY2FhLTExZTYtOGY4OC0zNDM2M2JjN2M0YzAiOnsiY3JlYXRlIjo2MDAwMDAwMDAwMDAsImRlbGV0ZSI6MTIwMDAwMDAwMDAwMH0sInNjaGVtYV92ZXJzaW9uIjoiMSJ9",
          "dependencies": [
            "module.network.aws_vpc.tf-vpc"
          ]
        }
      ]
    },
    {
      "module": "module.network",
      "mode": "managed",
      "type": "aws_subnet",
      "name": "subnet-public-tf",
      "provider": "provider[\"registry.terraform.io/hashicorp/aws\"]",
      "instances": [
        {
          "schema_version": 1,
          "attributes": {
            "arn": "arn:aws:ec2:us-east-1:899112647471:subnet/subnet-0daaf5a545595abf7",
            "assign_ipv6_address_on_creation": false,
            "availability_zone": "us-east-1a",
            "availability_zone_id": "use1-az6",
            "cidr_block": "10.0.3.0/24",
            "customer_owned_ipv4_pool": "",
            "enable_dns64": false,
            "enable_lni_at_device_index": 0,
            "enable_resource_name_dns_a_record_on_launch": false,
            "enable_resource_name_dns_aaaa_record_on_launch": false,
            "id": "subnet-0daaf5a545595abf7",
            "ipv6_cidr_block": "",
            "ipv6_cidr_block_association_id": "",
            "ipv6_native": false,
            "map_customer_owned_ip_on_launch": false,
            "map_public_ip_on_launch": true,
            "outpost_arn": "",
            "owner_id": "899112647471",
            "private_dns_hostname_type_on_launch": "ip-name",
            "tags": {
              "Name": "subnet-public-tf"
            },
            "tags_all": {
              "Name": "subnet-public-tf"
            },
            "timeouts": null,
            "vpc_id": "vpc-0c74bfe7b6e436812"
          },
          "sensitive_attributes": [],
          "private": "eyJlMmJmYjczMC1lY2FhLTExZTYtOGY4OC0zNDM2M2JjN2M0YzAiOnsiY3JlYXRlIjo2MDAwMDAwMDAwMDAsImRlbGV0ZSI6MTIwMDAwMDAwMDAwMH0sInNjaGVtYV92ZXJzaW9uIjoiMSJ9",
          "dependencies": [
            "module.network.aws_vpc.tf-vpc"
          ]
        }
      ]
    },
    {
      "module": "module.network",
      "mode": "managed",
      "type": "aws_vpc",
      "name": "tf-vpc",
      "provider": "provider[\"registry.terraform.io/hashicorp/aws\"]",
      "instances": [
        {
          "schema_version": 1,
          "attributes": {
            "arn": "arn:aws:ec2:us-east-1:899112647471:vpc/vpc-0c74bfe7b6e436812",
            "assign_generated_ipv6_cidr_block": false,
            "cidr_block": "10.0.0.0/16",
            "default_network_acl_id": "acl-04ca54303d1cf713e",
            "default_route_table_id": "rtb-0901e11ab409934bd",
            "default_security_group_id": "sg-07f6e28db2493b7b0",
            "dhcp_options_id": "dopt-076cb468558c503f4",
            "enable_dns_hostnames": true,
            "enable_dns_support": true,
            "enable_network_address_usage_metrics": false,
            "id": "vpc-0c74bfe7b6e436812",
            "instance_tenancy": "default",
            "ipv4_ipam_pool_id": null,
            "ipv4_netmask_length": null,
            "ipv6_association_id": "",
            "ipv6_cidr_block": "",
            "ipv6_cidr_block_network_border_group": "",
            "ipv6_ipam_pool_id": "",
            "ipv6_netmask_length": 0,
            "main_route_table_id": "rtb-0901e11ab409934bd",
            "owner_id": "899112647471",
            "tags": {
              "Name": "tf-vpc"
            },
            "tags_all": {
              "Name": "tf-vpc"
            }
          },
          "sensitive_attributes": [],
          "private": "eyJzY2hlbWFfdmVyc2lvbiI6IjEifQ=="
        }
      ]
    }
  ],
  "check_results": null
}
